// !$*UTF8*$!
{
	archiveVersion = 1;
	classes = {
	};
	objectVersion = 46;
	objects = {

/* Begin PBXBuildFile section */
		2F28CE4029F20C31DC29FC0D /* libPods.a in Frameworks */ = {isa = PBXBuildFile; fileRef = 0B4D25A284901F0055FD25C7 /* libPods.a */; };
		3214A87F1B04F920007DE10F /* RegisterViewController.m in Sources */ = {isa = PBXBuildFile; fileRef = 3214A87E1B04F920007DE10F /* RegisterViewController.m */; };
		321A238E1B09CD0200A9D294 /* login-password.png in Resources */ = {isa = PBXBuildFile; fileRef = 321A23831B09CD0200A9D294 /* login-password.png */; };
		321A238F1B09CD0200A9D294 /* login-password@2x.png in Resources */ = {isa = PBXBuildFile; fileRef = 321A23841B09CD0200A9D294 /* login-password@2x.png */; };
		321A23901B09CD0200A9D294 /* login-user.png in Resources */ = {isa = PBXBuildFile; fileRef = 321A23851B09CD0200A9D294 /* login-user.png */; };
		321A23911B09CD0200A9D294 /* login-user@2x.png in Resources */ = {isa = PBXBuildFile; fileRef = 321A23861B09CD0200A9D294 /* login-user@2x.png */; };
		321A23921B09CD0200A9D294 /* logo.png in Resources */ = {isa = PBXBuildFile; fileRef = 321A23871B09CD0200A9D294 /* logo.png */; };
		321A23931B09CD0200A9D294 /* register-cellphone.png in Resources */ = {isa = PBXBuildFile; fileRef = 321A23881B09CD0200A9D294 /* register-cellphone.png */; };
		321A23941B09CD0200A9D294 /* register-check-checked.png in Resources */ = {isa = PBXBuildFile; fileRef = 321A23891B09CD0200A9D294 /* register-check-checked.png */; };
		321A23951B09CD0200A9D294 /* register-check-checked@2x.png in Resources */ = {isa = PBXBuildFile; fileRef = 321A238A1B09CD0200A9D294 /* register-check-checked@2x.png */; };
		321A23961B09CD0200A9D294 /* register-check-default.png in Resources */ = {isa = PBXBuildFile; fileRef = 321A238B1B09CD0200A9D294 /* register-check-default.png */; };
		321A23971B09CD0200A9D294 /* register-email.png in Resources */ = {isa = PBXBuildFile; fileRef = 321A238C1B09CD0200A9D294 /* register-email.png */; };
		321A23981B09CD0200A9D294 /* register-password.png in Resources */ = {isa = PBXBuildFile; fileRef = 321A238D1B09CD0200A9D294 /* register-password.png */; };
		321A239A1B09CEFF00A9D294 /* baseinfo.plist in Resources */ = {isa = PBXBuildFile; fileRef = 321A23991B09CEFF00A9D294 /* baseinfo.plist */; };
		321B0E521B14807C004D5827 /* user-edit.png in Resources */ = {isa = PBXBuildFile; fileRef = 321B0E4A1B14807C004D5827 /* user-edit.png */; };
		321B0E531B14807C004D5827 /* user-icon1.png in Resources */ = {isa = PBXBuildFile; fileRef = 321B0E4B1B14807C004D5827 /* user-icon1.png */; };
		321B0E541B14807C004D5827 /* user-icon2.png in Resources */ = {isa = PBXBuildFile; fileRef = 321B0E4C1B14807C004D5827 /* user-icon2.png */; };
		321B0E551B14807C004D5827 /* user-icon3.png in Resources */ = {isa = PBXBuildFile; fileRef = 321B0E4D1B14807C004D5827 /* user-icon3.png */; };
		321B0E561B14807C004D5827 /* user-icon4.png in Resources */ = {isa = PBXBuildFile; fileRef = 321B0E4E1B14807C004D5827 /* user-icon4.png */; };
		321B0E571B14807C004D5827 /* user-icon5.png in Resources */ = {isa = PBXBuildFile; fileRef = 321B0E4F1B14807C004D5827 /* user-icon5.png */; };
		321B0E581B14807C004D5827 /* user-icon6.png in Resources */ = {isa = PBXBuildFile; fileRef = 321B0E501B14807C004D5827 /* user-icon6.png */; };
		321B0E591B14807C004D5827 /* user-icon7.png in Resources */ = {isa = PBXBuildFile; fileRef = 321B0E511B14807C004D5827 /* user-icon7.png */; };
		3227EAED1B19E44D00AC34B8 /* GoodsListTableViewController.m in Sources */ = {isa = PBXBuildFile; fileRef = 3227EAEC1B19E44D00AC34B8 /* GoodsListTableViewController.m */; };
		3227EAF11B19E67100AC34B8 /* GoodsListTableViewCell.m in Sources */ = {isa = PBXBuildFile; fileRef = 3227EAF01B19E67100AC34B8 /* GoodsListTableViewCell.m */; };
		3227EAF31B19E68B00AC34B8 /* GoodsListTableViewFrame.m in Sources */ = {isa = PBXBuildFile; fileRef = 3227EAF21B19E68B00AC34B8 /* GoodsListTableViewFrame.m */; };
		322CFAE31B18230D00D12AFD /* OrderTableViewCell.m in Sources */ = {isa = PBXBuildFile; fileRef = 322CFAE21B18230D00D12AFD /* OrderTableViewCell.m */; };
		322CFAE61B18235300D12AFD /* OrderTableViewFrame.m in Sources */ = {isa = PBXBuildFile; fileRef = 322CFAE51B18235300D12AFD /* OrderTableViewFrame.m */; };
		322CFAE91B187D6800D12AFD /* GoodsTableViewCell.m in Sources */ = {isa = PBXBuildFile; fileRef = 322CFAE81B187D6800D12AFD /* GoodsTableViewCell.m */; };
		322CFAED1B18800300D12AFD /* goods-1.png in Resources */ = {isa = PBXBuildFile; fileRef = 322CFAEA1B18800300D12AFD /* goods-1.png */; };
		322CFAEE1B18800300D12AFD /* goods-2.png in Resources */ = {isa = PBXBuildFile; fileRef = 322CFAEB1B18800300D12AFD /* goods-2.png */; };
		322CFAEF1B18800300D12AFD /* goods-3.png in Resources */ = {isa = PBXBuildFile; fileRef = 322CFAEC1B18800300D12AFD /* goods-3.png */; };
		322CFAF21B18845500D12AFD /* FinanceTableViewController.m in Sources */ = {isa = PBXBuildFile; fileRef = 322CFAF11B18845500D12AFD /* FinanceTableViewController.m */; };
		322CFAF51B1887BC00D12AFD /* FinanceTableViewCell.m in Sources */ = {isa = PBXBuildFile; fileRef = 322CFAF41B1887BC00D12AFD /* FinanceTableViewCell.m */; };
		322CFAF81B18897800D12AFD /* finance-1.png in Resources */ = {isa = PBXBuildFile; fileRef = 322CFAF61B18897800D12AFD /* finance-1.png */; };
		322CFAF91B18897800D12AFD /* finance-2.png in Resources */ = {isa = PBXBuildFile; fileRef = 322CFAF71B18897800D12AFD /* finance-2.png */; };
		323263601B0C88550004522E /* register-cellphone@2x.png in Resources */ = {isa = PBXBuildFile; fileRef = 3232635C1B0C88550004522E /* register-cellphone@2x.png */; };
		323263611B0C88550004522E /* register-check-default@2x.png in Resources */ = {isa = PBXBuildFile; fileRef = 3232635D1B0C88550004522E /* register-check-default@2x.png */; };
		323263621B0C88550004522E /* register-email@2x.png in Resources */ = {isa = PBXBuildFile; fileRef = 3232635E1B0C88550004522E /* register-email@2x.png */; };
		323263631B0C88550004522E /* register-password@2x.png in Resources */ = {isa = PBXBuildFile; fileRef = 3232635F1B0C88550004522E /* register-password@2x.png */; };
		323C30E81B0B90A400D0B8D0 /* OrderViewController.m in Sources */ = {isa = PBXBuildFile; fileRef = 323C30E71B0B90A400D0B8D0 /* OrderViewController.m */; };
		323C30EB1B0B913F00D0B8D0 /* GoodsViewController.m in Sources */ = {isa = PBXBuildFile; fileRef = 323C30EA1B0B913F00D0B8D0 /* GoodsViewController.m */; };
		323C30EE1B0B94FF00D0B8D0 /* ApplyViewController.m in Sources */ = {isa = PBXBuildFile; fileRef = 323C30ED1B0B94FF00D0B8D0 /* ApplyViewController.m */; };
		323EE90D1AF8F57D00C55306 /* main.m in Sources */ = {isa = PBXBuildFile; fileRef = 323EE90C1AF8F57D00C55306 /* main.m */; };
		323EE9101AF8F57D00C55306 /* AppDelegate.m in Sources */ = {isa = PBXBuildFile; fileRef = 323EE90F1AF8F57D00C55306 /* AppDelegate.m */; };
		323EE9191AF8F57D00C55306 /* Main.storyboard in Resources */ = {isa = PBXBuildFile; fileRef = 323EE9171AF8F57D00C55306 /* Main.storyboard */; };
		323EE91B1AF8F57D00C55306 /* Images.xcassets in Resources */ = {isa = PBXBuildFile; fileRef = 323EE91A1AF8F57D00C55306 /* Images.xcassets */; };
		323EE91E1AF8F57D00C55306 /* LaunchScreen.xib in Resources */ = {isa = PBXBuildFile; fileRef = 323EE91C1AF8F57D00C55306 /* LaunchScreen.xib */; };
		323EE92A1AF8F57D00C55306 /* hxmTests.m in Sources */ = {isa = PBXBuildFile; fileRef = 323EE9291AF8F57D00C55306 /* hxmTests.m */; };
		32502BA51B242D9000C9AB9C /* FinanceDetailViewController.m in Sources */ = {isa = PBXBuildFile; fileRef = 32502BA41B242D9000C9AB9C /* FinanceDetailViewController.m */; };
		32502BA71B2431BE00C9AB9C /* alpha.png in Resources */ = {isa = PBXBuildFile; fileRef = 32502BA61B2431BE00C9AB9C /* alpha.png */; };
		32502BA91B2435AF00C9AB9C /* green.png in Resources */ = {isa = PBXBuildFile; fileRef = 32502BA81B2435AF00C9AB9C /* green.png */; };
		32502BAB1B24463E00C9AB9C /* finance-3.png in Resources */ = {isa = PBXBuildFile; fileRef = 32502BAA1B24463E00C9AB9C /* finance-3.png */; };
		32502BAE1B24553C00C9AB9C /* CartTableViewController.m in Sources */ = {isa = PBXBuildFile; fileRef = 32502BAD1B24553C00C9AB9C /* CartTableViewController.m */; };
		32502BB11B24557700C9AB9C /* CartTableViewCell.m in Sources */ = {isa = PBXBuildFile; fileRef = 32502BB01B24557700C9AB9C /* CartTableViewCell.m */; };
		32502BB41B2455B200C9AB9C /* CartTableViewFrame.m in Sources */ = {isa = PBXBuildFile; fileRef = 32502BB31B2455B200C9AB9C /* CartTableViewFrame.m */; };
		32502BB61B246BEA00C9AB9C /* goods-q.png in Resources */ = {isa = PBXBuildFile; fileRef = 32502BB51B246BEA00C9AB9C /* goods-q.png */; };
		325A8A7E1B0D92F300CEA0AB /* tab-finance.png in Resources */ = {isa = PBXBuildFile; fileRef = 325A8A761B0D92F300CEA0AB /* tab-finance.png */; };
		325A8A7F1B0D92F300CEA0AB /* tab-finance@2x.png in Resources */ = {isa = PBXBuildFile; fileRef = 325A8A771B0D92F300CEA0AB /* tab-finance@2x.png */; };
		325A8A801B0D92F300CEA0AB /* tab-goods.png in Resources */ = {isa = PBXBuildFile; fileRef = 325A8A781B0D92F300CEA0AB /* tab-goods.png */; };
		325A8A811B0D92F300CEA0AB /* tab-goods@2x.png in Resources */ = {isa = PBXBuildFile; fileRef = 325A8A791B0D92F300CEA0AB /* tab-goods@2x.png */; };
		325A8A821B0D92F300CEA0AB /* tab-my.png in Resources */ = {isa = PBXBuildFile; fileRef = 325A8A7A1B0D92F300CEA0AB /* tab-my.png */; };
		325A8A831B0D92F300CEA0AB /* tab-my@2x.png in Resources */ = {isa = PBXBuildFile; fileRef = 325A8A7B1B0D92F300CEA0AB /* tab-my@2x.png */; };
		325A8A841B0D92F300CEA0AB /* tab-order.png in Resources */ = {isa = PBXBuildFile; fileRef = 325A8A7C1B0D92F300CEA0AB /* tab-order.png */; };
		325A8A851B0D92F300CEA0AB /* tab-order@2x.png in Resources */ = {isa = PBXBuildFile; fileRef = 325A8A7D1B0D92F300CEA0AB /* tab-order@2x.png */; };
		325A8A871B0D93C300CEA0AB /* tab-my@3x.png in Resources */ = {isa = PBXBuildFile; fileRef = 325A8A861B0D93C300CEA0AB /* tab-my@3x.png */; };
		325A8A891B0D944900CEA0AB /* user-bg.jpg in Resources */ = {isa = PBXBuildFile; fileRef = 325A8A881B0D944900CEA0AB /* user-bg.jpg */; };
		325A8A8C1B0D948800CEA0AB /* MyViewController.m in Sources */ = {isa = PBXBuildFile; fileRef = 325A8A8B1B0D948800CEA0AB /* MyViewController.m */; };
		325C87E91B04D100001DF5D8 /* LoginViewController.m in Sources */ = {isa = PBXBuildFile; fileRef = 325C87E81B04D100001DF5D8 /* LoginViewController.m */; };
		3262EE7D1B20722B007489B9 /* order-tips.png in Resources */ = {isa = PBXBuildFile; fileRef = 3262EE7C1B20722B007489B9 /* order-tips.png */; };
		3272D6351B1CA672007DBF31 /* OrderDetailViewController.m in Sources */ = {isa = PBXBuildFile; fileRef = 3272D6341B1CA672007DBF31 /* OrderDetailViewController.m */; };
		3272D63C1B1CAFBF007DBF31 /* FinanceTableViewFrame.m in Sources */ = {isa = PBXBuildFile; fileRef = 3272D63B1B1CAFBF007DBF31 /* FinanceTableViewFrame.m */; };
		3272D63F1B1DB7EC007DBF31 /* ConsignationTableViewController.m in Sources */ = {isa = PBXBuildFile; fileRef = 3272D63E1B1DB7EC007DBF31 /* ConsignationTableViewController.m */; };
		3272D6421B1DB82E007DBF31 /* ConsignationTableViewCell.m in Sources */ = {isa = PBXBuildFile; fileRef = 3272D6411B1DB82E007DBF31 /* ConsignationTableViewCell.m */; };
		3272D6441B1DB857007DBF31 /* ConsignationTableViewFrame.m in Sources */ = {isa = PBXBuildFile; fileRef = 3272D6431B1DB857007DBF31 /* ConsignationTableViewFrame.m */; };
		327D07931B2157F6002F4600 /* Default@2x.png in Resources */ = {isa = PBXBuildFile; fileRef = 327D078F1B2157F6002F4600 /* Default@2x.png */; };
		327D07941B2157F6002F4600 /* retain4.png in Resources */ = {isa = PBXBuildFile; fileRef = 327D07901B2157F6002F4600 /* retain4.png */; };
		327D07951B2157F6002F4600 /* retainhd47.png in Resources */ = {isa = PBXBuildFile; fileRef = 327D07911B2157F6002F4600 /* retainhd47.png */; };
		327D07961B2157F6002F4600 /* retainhd55.png in Resources */ = {isa = PBXBuildFile; fileRef = 327D07921B2157F6002F4600 /* retainhd55.png */; };
		327D07981B217B68002F4600 /* apply-icon.png in Resources */ = {isa = PBXBuildFile; fileRef = 327D07971B217B68002F4600 /* apply-icon.png */; };
		327D079A1B2184F8002F4600 /* apply-plus1.png in Resources */ = {isa = PBXBuildFile; fileRef = 327D07991B2184F8002F4600 /* apply-plus1.png */; };
		327D079C1B21BB43002F4600 /* apply-plus2.png in Resources */ = {isa = PBXBuildFile; fileRef = 327D079B1B21BB43002F4600 /* apply-plus2.png */; };
		328715451B25379C00D386CC /* app-icon.png in Resources */ = {isa = PBXBuildFile; fileRef = 3287153F1B25379C00D386CC /* app-icon.png */; };
		328715461B25379C00D386CC /* app-retina.png in Resources */ = {isa = PBXBuildFile; fileRef = 328715401B25379C00D386CC /* app-retina.png */; };
		328715471B25379C00D386CC /* app-search.png in Resources */ = {isa = PBXBuildFile; fileRef = 328715411B25379C00D386CC /* app-search.png */; };
		328715481B25379C00D386CC /* app-search2.png in Resources */ = {isa = PBXBuildFile; fileRef = 328715421B25379C00D386CC /* app-search2.png */; };
		328715491B25379C00D386CC /* app-store-retina.png in Resources */ = {isa = PBXBuildFile; fileRef = 328715431B25379C00D386CC /* app-store-retina.png */; };
		3287154A1B25379C00D386CC /* app-store.png in Resources */ = {isa = PBXBuildFile; fileRef = 328715441B25379C00D386CC /* app-store.png */; };
		328715501B257DB900D386CC /* icon-72.png in Resources */ = {isa = PBXBuildFile; fileRef = 3287154B1B257DB900D386CC /* icon-72.png */; };
		328715511B257DB900D386CC /* icon-Small.png in Resources */ = {isa = PBXBuildFile; fileRef = 3287154C1B257DB900D386CC /* icon-Small.png */; };
		328715521B257DB900D386CC /* icon-Small@2x.png in Resources */ = {isa = PBXBuildFile; fileRef = 3287154D1B257DB900D386CC /* icon-Small@2x.png */; };
		328715531B257DB900D386CC /* icon.png in Resources */ = {isa = PBXBuildFile; fileRef = 3287154E1B257DB900D386CC /* icon.png */; };
		328715541B257DB900D386CC /* icon@2x.png in Resources */ = {isa = PBXBuildFile; fileRef = 3287154F1B257DB900D386CC /* icon@2x.png */; };
		328715561B257F5400D386CC /* order-arrow.png in Resources */ = {isa = PBXBuildFile; fileRef = 328715551B257F5400D386CC /* order-arrow.png */; };
		32A48DED1B2032AF000A44A0 /* UIView+XCMultiSortTableView.m in Sources */ = {isa = PBXBuildFile; fileRef = 32A48DE71B2032AF000A44A0 /* UIView+XCMultiSortTableView.m */; };
		32A48DEE1B2032AF000A44A0 /* XCMultiSortTableView.m in Sources */ = {isa = PBXBuildFile; fileRef = 32A48DE91B2032AF000A44A0 /* XCMultiSortTableView.m */; };
		32A48DEF1B2032AF000A44A0 /* XCMultiSortTableViewBGScrollView.m in Sources */ = {isa = PBXBuildFile; fileRef = 32A48DEB1B2032AF000A44A0 /* XCMultiSortTableViewBGScrollView.m */; };
		32A48DF51B205F00000A44A0 /* OrderCommentViewController.m in Sources */ = {isa = PBXBuildFile; fileRef = 32A48DF41B205F00000A44A0 /* OrderCommentViewController.m */; };
		32A48DF81B20672B000A44A0 /* OrderNoteViewController.m in Sources */ = {isa = PBXBuildFile; fileRef = 32A48DF71B20672B000A44A0 /* OrderNoteViewController.m */; };
		32AAD6AE1B1AE488008C3306 /* GoodsListViewController.m in Sources */ = {isa = PBXBuildFile; fileRef = 32AAD6AD1B1AE488008C3306 /* GoodsListViewController.m */; };
		32AAD6B01B1B1530008C3306 /* goods-cart.png in Resources */ = {isa = PBXBuildFile; fileRef = 32AAD6AF1B1B1530008C3306 /* goods-cart.png */; };
		32AAD6B31B1B242E008C3306 /* GoodsDetailViewController.m in Sources */ = {isa = PBXBuildFile; fileRef = 32AAD6B21B1B242E008C3306 /* GoodsDetailViewController.m */; };
		32D3D9891B03B2AE00B50967 /* AFNetworkTool.m in Sources */ = {isa = PBXBuildFile; fileRef = 32D3D9851B03B2AE00B50967 /* AFNetworkTool.m */; };
		32D3D98A1B03B2AE00B50967 /* BWCommon.m in Sources */ = {isa = PBXBuildFile; fileRef = 32D3D9871B03B2AE00B50967 /* BWCommon.m */; };
		6F57A9EC1B1BF986001530C7 /* MyAddressEditViewController.m in Sources */ = {isa = PBXBuildFile; fileRef = 6F57A9EB1B1BF986001530C7 /* MyAddressEditViewController.m */; };
		6F6995C51B15875800AFB979 /* user-right-array.png in Resources */ = {isa = PBXBuildFile; fileRef = 6F6995C41B15875800AFB979 /* user-right-array.png */; };
		6F6995C71B15992900AFB979 /* user-face.png in Resources */ = {isa = PBXBuildFile; fileRef = 6F6995C61B15992900AFB979 /* user-face.png */; };
		6F6E4CA41B1870BE002F0419 /* password-login-icon.png in Resources */ = {isa = PBXBuildFile; fileRef = 6F6E4CA21B1870BE002F0419 /* password-login-icon.png */; };
		6F6E4CA51B1870BE002F0419 /* password-sale-icon.png in Resources */ = {isa = PBXBuildFile; fileRef = 6F6E4CA31B1870BE002F0419 /* password-sale-icon.png */; };
		6F6E4CA81B187B5F002F0419 /* PasswordLoginViewController.m in Sources */ = {isa = PBXBuildFile; fileRef = 6F6E4CA71B187B5F002F0419 /* PasswordLoginViewController.m */; };
		6F6E4CAB1B187B91002F0419 /* PasswordSaleViewController.m in Sources */ = {isa = PBXBuildFile; fileRef = 6F6E4CAA1B187B91002F0419 /* PasswordSaleViewController.m */; };
		6F85EFE51B16E3CC008C101B /* MyAddressViewController.m in Sources */ = {isa = PBXBuildFile; fileRef = 6F85EFE41B16E3CC008C101B /* MyAddressViewController.m */; };
		6F85EFEB1B16E47F008C101B /* MyContactWayViewController.m in Sources */ = {isa = PBXBuildFile; fileRef = 6F85EFEA1B16E47F008C101B /* MyContactWayViewController.m */; };
		6F85EFEE1B16E4CF008C101B /* MyBusinessInfoViewController.m in Sources */ = {isa = PBXBuildFile; fileRef = 6F85EFED1B16E4CF008C101B /* MyBusinessInfoViewController.m */; };
		6F85EFF11B16E509008C101B /* MyPasswordViewController.m in Sources */ = {isa = PBXBuildFile; fileRef = 6F85EFF01B16E509008C101B /* MyPasswordViewController.m */; };
		6F85EFF41B16E5D4008C101B /* MyAfterSalesViewController.m in Sources */ = {isa = PBXBuildFile; fileRef = 6F85EFF31B16E5D4008C101B /* MyAfterSalesViewController.m */; };
		6F8AEB8A1B1D446000E2F6E9 /* area.plist in Resources */ = {isa = PBXBuildFile; fileRef = 6F8AEB831B1D446000E2F6E9 /* area.plist */; };
		6F8AEB8B1B1D446000E2F6E9 /* city.plist in Resources */ = {isa = PBXBuildFile; fileRef = 6F8AEB841B1D446000E2F6E9 /* city.plist */; };
		6F8AEB8C1B1D446000E2F6E9 /* HZAreaPickerView.m in Sources */ = {isa = PBXBuildFile; fileRef = 6F8AEB861B1D446000E2F6E9 /* HZAreaPickerView.m */; settings = {COMPILER_FLAGS = "-fno-objc-arc"; }; };
		6F8AEB8D1B1D446000E2F6E9 /* HZAreaPickerView.xib in Resources */ = {isa = PBXBuildFile; fileRef = 6F8AEB871B1D446000E2F6E9 /* HZAreaPickerView.xib */; };
		6F8AEB8E1B1D446000E2F6E9 /* HZLocation.m in Sources */ = {isa = PBXBuildFile; fileRef = 6F8AEB891B1D446000E2F6E9 /* HZLocation.m */; };
		6FCBFE271B19B4A200537CC6 /* MyAfterSaleTableViewFrame.m in Sources */ = {isa = PBXBuildFile; fileRef = 6FCBFE261B19B4A200537CC6 /* MyAfterSaleTableViewFrame.m */; };
		6FCBFE2D1B19B5A800537CC6 /* MyAfterSaleTableViewCell.m in Sources */ = {isa = PBXBuildFile; fileRef = 6FCBFE2C1B19B5A800537CC6 /* MyAfterSaleTableViewCell.m */; };
		6FE32FFB1B19BEE300BE3B8F /* complain-time-icon.png in Resources */ = {isa = PBXBuildFile; fileRef = 6FE32FFA1B19BEE300BE3B8F /* complain-time-icon.png */; };
		6FE32FFF1B19E24500BE3B8F /* address-delete-icon.png in Resources */ = {isa = PBXBuildFile; fileRef = 6FE32FFC1B19E24500BE3B8F /* address-delete-icon.png */; };
		6FE330001B19E24500BE3B8F /* address-noselect-icon.png in Resources */ = {isa = PBXBuildFile; fileRef = 6FE32FFD1B19E24500BE3B8F /* address-noselect-icon.png */; };
		6FE330011B19E24500BE3B8F /* address-selected-icon.png in Resources */ = {isa = PBXBuildFile; fileRef = 6FE32FFE1B19E24500BE3B8F /* address-selected-icon.png */; };
		6FE330041B19E39A00BE3B8F /* MyAddressTableViewFrame.m in Sources */ = {isa = PBXBuildFile; fileRef = 6FE330031B19E39A00BE3B8F /* MyAddressTableViewFrame.m */; };
		6FE330071B19E3FB00BE3B8F /* MyAddressTableViewCell.m in Sources */ = {isa = PBXBuildFile; fileRef = 6FE330061B19E3FB00BE3B8F /* MyAddressTableViewCell.m */; };
		6FE75F101B1ED32D005C9A6B /* JKCountDownButton.m in Sources */ = {isa = PBXBuildFile; fileRef = 6FE75F0F1B1ED32D005C9A6B /* JKCountDownButton.m */; };
		6FE75F131B1EEB07005C9A6B /* user-address-down-icon.png in Resources */ = {isa = PBXBuildFile; fileRef = 6FE75F121B1EEB07005C9A6B /* user-address-down-icon.png */; };
/* End PBXBuildFile section */

/* Begin PBXContainerItemProxy section */
		323EE9241AF8F57D00C55306 /* PBXContainerItemProxy */ = {
			isa = PBXContainerItemProxy;
			containerPortal = 323EE8FF1AF8F57D00C55306 /* Project object */;
			proxyType = 1;
			remoteGlobalIDString = 323EE9061AF8F57D00C55306;
			remoteInfo = hxm;
		};
/* End PBXContainerItemProxy section */

/* Begin PBXFileReference section */
		0B4D25A284901F0055FD25C7 /* libPods.a */ = {isa = PBXFileReference; explicitFileType = archive.ar; includeInIndex = 0; path = libPods.a; sourceTree = BUILT_PRODUCTS_DIR; };
		1640FFD999E11B7C9BEE9121 /* Pods.debug.xcconfig */ = {isa = PBXFileReference; includeInIndex = 1; lastKnownFileType = text.xcconfig; name = Pods.debug.xcconfig; path = "Pods/Target Support Files/Pods/Pods.debug.xcconfig"; sourceTree = "<group>"; };
		3214A87D1B04F920007DE10F /* RegisterViewController.h */ = {isa = PBXFileReference; fileEncoding = 4; lastKnownFileType = sourcecode.c.h; path = RegisterViewController.h; sourceTree = "<group>"; };
		3214A87E1B04F920007DE10F /* RegisterViewController.m */ = {isa = PBXFileReference; fileEncoding = 4; lastKnownFileType = sourcecode.c.objc; path = RegisterViewController.m; sourceTree = "<group>"; };
		321A23831B09CD0200A9D294 /* login-password.png */ = {isa = PBXFileReference; lastKnownFileType = image.png; path = "login-password.png"; sourceTree = "<group>"; };
		321A23841B09CD0200A9D294 /* login-password@2x.png */ = {isa = PBXFileReference; lastKnownFileType = image.png; path = "login-password@2x.png"; sourceTree = "<group>"; };
		321A23851B09CD0200A9D294 /* login-user.png */ = {isa = PBXFileReference; lastKnownFileType = image.png; path = "login-user.png"; sourceTree = "<group>"; };
		321A23861B09CD0200A9D294 /* login-user@2x.png */ = {isa = PBXFileReference; lastKnownFileType = image.png; path = "login-user@2x.png"; sourceTree = "<group>"; };
		321A23871B09CD0200A9D294 /* logo.png */ = {isa = PBXFileReference; lastKnownFileType = image.png; path = logo.png; sourceTree = "<group>"; };
		321A23881B09CD0200A9D294 /* register-cellphone.png */ = {isa = PBXFileReference; lastKnownFileType = image.png; path = "register-cellphone.png"; sourceTree = "<group>"; };
		321A23891B09CD0200A9D294 /* register-check-checked.png */ = {isa = PBXFileReference; lastKnownFileType = image.png; path = "register-check-checked.png"; sourceTree = "<group>"; };
		321A238A1B09CD0200A9D294 /* register-check-checked@2x.png */ = {isa = PBXFileReference; lastKnownFileType = image.png; path = "register-check-checked@2x.png"; sourceTree = "<group>"; };
		321A238B1B09CD0200A9D294 /* register-check-default.png */ = {isa = PBXFileReference; lastKnownFileType = image.png; path = "register-check-default.png"; sourceTree = "<group>"; };
		321A238C1B09CD0200A9D294 /* register-email.png */ = {isa = PBXFileReference; lastKnownFileType = image.png; path = "register-email.png"; sourceTree = "<group>"; };
		321A238D1B09CD0200A9D294 /* register-password.png */ = {isa = PBXFileReference; lastKnownFileType = image.png; path = "register-password.png"; sourceTree = "<group>"; };
		321A23991B09CEFF00A9D294 /* baseinfo.plist */ = {isa = PBXFileReference; fileEncoding = 4; lastKnownFileType = text.plist.xml; path = baseinfo.plist; sourceTree = "<group>"; };
		321B0E4A1B14807C004D5827 /* user-edit.png */ = {isa = PBXFileReference; lastKnownFileType = image.png; path = "user-edit.png"; sourceTree = "<group>"; };
		321B0E4B1B14807C004D5827 /* user-icon1.png */ = {isa = PBXFileReference; lastKnownFileType = image.png; path = "user-icon1.png"; sourceTree = "<group>"; };
		321B0E4C1B14807C004D5827 /* user-icon2.png */ = {isa = PBXFileReference; lastKnownFileType = image.png; path = "user-icon2.png"; sourceTree = "<group>"; };
		321B0E4D1B14807C004D5827 /* user-icon3.png */ = {isa = PBXFileReference; lastKnownFileType = image.png; path = "user-icon3.png"; sourceTree = "<group>"; };
		321B0E4E1B14807C004D5827 /* user-icon4.png */ = {isa = PBXFileReference; lastKnownFileType = image.png; path = "user-icon4.png"; sourceTree = "<group>"; };
		321B0E4F1B14807C004D5827 /* user-icon5.png */ = {isa = PBXFileReference; lastKnownFileType = image.png; path = "user-icon5.png"; sourceTree = "<group>"; };
		321B0E501B14807C004D5827 /* user-icon6.png */ = {isa = PBXFileReference; lastKnownFileType = image.png; path = "user-icon6.png"; sourceTree = "<group>"; };
		321B0E511B14807C004D5827 /* user-icon7.png */ = {isa = PBXFileReference; lastKnownFileType = image.png; path = "user-icon7.png"; sourceTree = "<group>"; };
		3227EAEB1B19E44D00AC34B8 /* GoodsListTableViewController.h */ = {isa = PBXFileReference; fileEncoding = 4; lastKnownFileType = sourcecode.c.h; path = GoodsListTableViewController.h; sourceTree = "<group>"; };
		3227EAEC1B19E44D00AC34B8 /* GoodsListTableViewController.m */ = {isa = PBXFileReference; fileEncoding = 4; lastKnownFileType = sourcecode.c.objc; path = GoodsListTableViewController.m; sourceTree = "<group>"; };
		3227EAEF1B19E67100AC34B8 /* GoodsListTableViewCell.h */ = {isa = PBXFileReference; fileEncoding = 4; lastKnownFileType = sourcecode.c.h; path = GoodsListTableViewCell.h; sourceTree = "<group>"; };
		3227EAF01B19E67100AC34B8 /* GoodsListTableViewCell.m */ = {isa = PBXFileReference; fileEncoding = 4; lastKnownFileType = sourcecode.c.objc; path = GoodsListTableViewCell.m; sourceTree = "<group>"; };
		3227EAF21B19E68B00AC34B8 /* GoodsListTableViewFrame.m */ = {isa = PBXFileReference; fileEncoding = 4; lastKnownFileType = sourcecode.c.objc; path = GoodsListTableViewFrame.m; sourceTree = "<group>"; };
		3227EAF41B19E69D00AC34B8 /* GoodsListTableViewFrame.h */ = {isa = PBXFileReference; lastKnownFileType = sourcecode.c.h; path = GoodsListTableViewFrame.h; sourceTree = "<group>"; };
		322CFAE11B18230D00D12AFD /* OrderTableViewCell.h */ = {isa = PBXFileReference; fileEncoding = 4; lastKnownFileType = sourcecode.c.h; path = OrderTableViewCell.h; sourceTree = "<group>"; };
		322CFAE21B18230D00D12AFD /* OrderTableViewCell.m */ = {isa = PBXFileReference; fileEncoding = 4; lastKnownFileType = sourcecode.c.objc; path = OrderTableViewCell.m; sourceTree = "<group>"; };
		322CFAE41B18233D00D12AFD /* OrderTableViewFrame.h */ = {isa = PBXFileReference; fileEncoding = 4; lastKnownFileType = sourcecode.c.h; path = OrderTableViewFrame.h; sourceTree = "<group>"; };
		322CFAE51B18235300D12AFD /* OrderTableViewFrame.m */ = {isa = PBXFileReference; fileEncoding = 4; lastKnownFileType = sourcecode.c.objc; path = OrderTableViewFrame.m; sourceTree = "<group>"; };
		322CFAE71B187D6800D12AFD /* GoodsTableViewCell.h */ = {isa = PBXFileReference; fileEncoding = 4; lastKnownFileType = sourcecode.c.h; path = GoodsTableViewCell.h; sourceTree = "<group>"; };
		322CFAE81B187D6800D12AFD /* GoodsTableViewCell.m */ = {isa = PBXFileReference; fileEncoding = 4; lastKnownFileType = sourcecode.c.objc; path = GoodsTableViewCell.m; sourceTree = "<group>"; };
		322CFAEA1B18800300D12AFD /* goods-1.png */ = {isa = PBXFileReference; lastKnownFileType = image.png; path = "goods-1.png"; sourceTree = "<group>"; };
		322CFAEB1B18800300D12AFD /* goods-2.png */ = {isa = PBXFileReference; lastKnownFileType = image.png; path = "goods-2.png"; sourceTree = "<group>"; };
		322CFAEC1B18800300D12AFD /* goods-3.png */ = {isa = PBXFileReference; lastKnownFileType = image.png; path = "goods-3.png"; sourceTree = "<group>"; };
		322CFAF01B18845500D12AFD /* FinanceTableViewController.h */ = {isa = PBXFileReference; fileEncoding = 4; lastKnownFileType = sourcecode.c.h; path = FinanceTableViewController.h; sourceTree = "<group>"; };
		322CFAF11B18845500D12AFD /* FinanceTableViewController.m */ = {isa = PBXFileReference; fileEncoding = 4; lastKnownFileType = sourcecode.c.objc; path = FinanceTableViewController.m; sourceTree = "<group>"; };
		322CFAF31B1887BC00D12AFD /* FinanceTableViewCell.h */ = {isa = PBXFileReference; fileEncoding = 4; lastKnownFileType = sourcecode.c.h; path = FinanceTableViewCell.h; sourceTree = "<group>"; };
		322CFAF41B1887BC00D12AFD /* FinanceTableViewCell.m */ = {isa = PBXFileReference; fileEncoding = 4; lastKnownFileType = sourcecode.c.objc; path = FinanceTableViewCell.m; sourceTree = "<group>"; };
		322CFAF61B18897800D12AFD /* finance-1.png */ = {isa = PBXFileReference; lastKnownFileType = image.png; path = "finance-1.png"; sourceTree = "<group>"; };
		322CFAF71B18897800D12AFD /* finance-2.png */ = {isa = PBXFileReference; lastKnownFileType = image.png; path = "finance-2.png"; sourceTree = "<group>"; };
		3232635C1B0C88550004522E /* register-cellphone@2x.png */ = {isa = PBXFileReference; lastKnownFileType = image.png; path = "register-cellphone@2x.png"; sourceTree = "<group>"; };
		3232635D1B0C88550004522E /* register-check-default@2x.png */ = {isa = PBXFileReference; lastKnownFileType = image.png; path = "register-check-default@2x.png"; sourceTree = "<group>"; };
		3232635E1B0C88550004522E /* register-email@2x.png */ = {isa = PBXFileReference; lastKnownFileType = image.png; path = "register-email@2x.png"; sourceTree = "<group>"; };
		3232635F1B0C88550004522E /* register-password@2x.png */ = {isa = PBXFileReference; lastKnownFileType = image.png; path = "register-password@2x.png"; sourceTree = "<group>"; };
		323C30E61B0B90A400D0B8D0 /* OrderViewController.h */ = {isa = PBXFileReference; fileEncoding = 4; lastKnownFileType = sourcecode.c.h; path = OrderViewController.h; sourceTree = "<group>"; };
		323C30E71B0B90A400D0B8D0 /* OrderViewController.m */ = {isa = PBXFileReference; fileEncoding = 4; lastKnownFileType = sourcecode.c.objc; path = OrderViewController.m; sourceTree = "<group>"; };
		323C30E91B0B913F00D0B8D0 /* GoodsViewController.h */ = {isa = PBXFileReference; fileEncoding = 4; lastKnownFileType = sourcecode.c.h; path = GoodsViewController.h; sourceTree = "<group>"; };
		323C30EA1B0B913F00D0B8D0 /* GoodsViewController.m */ = {isa = PBXFileReference; fileEncoding = 4; lastKnownFileType = sourcecode.c.objc; path = GoodsViewController.m; sourceTree = "<group>"; };
		323C30EC1B0B94FF00D0B8D0 /* ApplyViewController.h */ = {isa = PBXFileReference; fileEncoding = 4; lastKnownFileType = sourcecode.c.h; path = ApplyViewController.h; sourceTree = "<group>"; };
		323C30ED1B0B94FF00D0B8D0 /* ApplyViewController.m */ = {isa = PBXFileReference; fileEncoding = 4; lastKnownFileType = sourcecode.c.objc; path = ApplyViewController.m; sourceTree = "<group>"; };
		323EE9071AF8F57D00C55306 /* hxm.app */ = {isa = PBXFileReference; explicitFileType = wrapper.application; includeInIndex = 0; path = hxm.app; sourceTree = BUILT_PRODUCTS_DIR; };
		323EE90B1AF8F57D00C55306 /* Info.plist */ = {isa = PBXFileReference; lastKnownFileType = text.plist.xml; path = Info.plist; sourceTree = "<group>"; };
		323EE90C1AF8F57D00C55306 /* main.m */ = {isa = PBXFileReference; lastKnownFileType = sourcecode.c.objc; path = main.m; sourceTree = "<group>"; };
		323EE90E1AF8F57D00C55306 /* AppDelegate.h */ = {isa = PBXFileReference; lastKnownFileType = sourcecode.c.h; path = AppDelegate.h; sourceTree = "<group>"; };
		323EE90F1AF8F57D00C55306 /* AppDelegate.m */ = {isa = PBXFileReference; lastKnownFileType = sourcecode.c.objc; path = AppDelegate.m; sourceTree = "<group>"; };
		323EE9181AF8F57D00C55306 /* Base */ = {isa = PBXFileReference; lastKnownFileType = file.storyboard; name = Base; path = Base.lproj/Main.storyboard; sourceTree = "<group>"; };
		323EE91A1AF8F57D00C55306 /* Images.xcassets */ = {isa = PBXFileReference; lastKnownFileType = folder.assetcatalog; path = Images.xcassets; sourceTree = "<group>"; };
		323EE91D1AF8F57D00C55306 /* Base */ = {isa = PBXFileReference; lastKnownFileType = file.xib; name = Base; path = Base.lproj/LaunchScreen.xib; sourceTree = "<group>"; };
		323EE9231AF8F57D00C55306 /* hxmTests.xctest */ = {isa = PBXFileReference; explicitFileType = wrapper.cfbundle; includeInIndex = 0; path = hxmTests.xctest; sourceTree = BUILT_PRODUCTS_DIR; };
		323EE9281AF8F57D00C55306 /* Info.plist */ = {isa = PBXFileReference; lastKnownFileType = text.plist.xml; path = Info.plist; sourceTree = "<group>"; };
		323EE9291AF8F57D00C55306 /* hxmTests.m */ = {isa = PBXFileReference; lastKnownFileType = sourcecode.c.objc; path = hxmTests.m; sourceTree = "<group>"; };
		32502BA31B242D9000C9AB9C /* FinanceDetailViewController.h */ = {isa = PBXFileReference; fileEncoding = 4; lastKnownFileType = sourcecode.c.h; path = FinanceDetailViewController.h; sourceTree = "<group>"; };
		32502BA41B242D9000C9AB9C /* FinanceDetailViewController.m */ = {isa = PBXFileReference; fileEncoding = 4; lastKnownFileType = sourcecode.c.objc; path = FinanceDetailViewController.m; sourceTree = "<group>"; };
		32502BA61B2431BE00C9AB9C /* alpha.png */ = {isa = PBXFileReference; lastKnownFileType = image.png; path = alpha.png; sourceTree = "<group>"; };
		32502BA81B2435AF00C9AB9C /* green.png */ = {isa = PBXFileReference; lastKnownFileType = image.png; path = green.png; sourceTree = "<group>"; };
		32502BAA1B24463E00C9AB9C /* finance-3.png */ = {isa = PBXFileReference; lastKnownFileType = image.png; path = "finance-3.png"; sourceTree = "<group>"; };
		32502BAC1B24553C00C9AB9C /* CartTableViewController.h */ = {isa = PBXFileReference; fileEncoding = 4; lastKnownFileType = sourcecode.c.h; path = CartTableViewController.h; sourceTree = "<group>"; };
		32502BAD1B24553C00C9AB9C /* CartTableViewController.m */ = {isa = PBXFileReference; fileEncoding = 4; lastKnownFileType = sourcecode.c.objc; path = CartTableViewController.m; sourceTree = "<group>"; };
		32502BAF1B24557700C9AB9C /* CartTableViewCell.h */ = {isa = PBXFileReference; fileEncoding = 4; lastKnownFileType = sourcecode.c.h; path = CartTableViewCell.h; sourceTree = "<group>"; };
		32502BB01B24557700C9AB9C /* CartTableViewCell.m */ = {isa = PBXFileReference; fileEncoding = 4; lastKnownFileType = sourcecode.c.objc; path = CartTableViewCell.m; sourceTree = "<group>"; };
		32502BB21B24559900C9AB9C /* CartTableViewFrame.h */ = {isa = PBXFileReference; fileEncoding = 4; lastKnownFileType = sourcecode.c.h; path = CartTableViewFrame.h; sourceTree = "<group>"; };
		32502BB31B2455B200C9AB9C /* CartTableViewFrame.m */ = {isa = PBXFileReference; fileEncoding = 4; lastKnownFileType = sourcecode.c.objc; path = CartTableViewFrame.m; sourceTree = "<group>"; };
		32502BB51B246BEA00C9AB9C /* goods-q.png */ = {isa = PBXFileReference; lastKnownFileType = image.png; path = "goods-q.png"; sourceTree = "<group>"; };
		325A8A761B0D92F300CEA0AB /* tab-finance.png */ = {isa = PBXFileReference; lastKnownFileType = image.png; path = "tab-finance.png"; sourceTree = "<group>"; };
		325A8A771B0D92F300CEA0AB /* tab-finance@2x.png */ = {isa = PBXFileReference; lastKnownFileType = image.png; path = "tab-finance@2x.png"; sourceTree = "<group>"; };
		325A8A781B0D92F300CEA0AB /* tab-goods.png */ = {isa = PBXFileReference; lastKnownFileType = image.png; path = "tab-goods.png"; sourceTree = "<group>"; };
		325A8A791B0D92F300CEA0AB /* tab-goods@2x.png */ = {isa = PBXFileReference; lastKnownFileType = image.png; path = "tab-goods@2x.png"; sourceTree = "<group>"; };
		325A8A7A1B0D92F300CEA0AB /* tab-my.png */ = {isa = PBXFileReference; lastKnownFileType = image.png; path = "tab-my.png"; sourceTree = "<group>"; };
		325A8A7B1B0D92F300CEA0AB /* tab-my@2x.png */ = {isa = PBXFileReference; lastKnownFileType = image.png; path = "tab-my@2x.png"; sourceTree = "<group>"; };
		325A8A7C1B0D92F300CEA0AB /* tab-order.png */ = {isa = PBXFileReference; lastKnownFileType = image.png; path = "tab-order.png"; sourceTree = "<group>"; };
		325A8A7D1B0D92F300CEA0AB /* tab-order@2x.png */ = {isa = PBXFileReference; lastKnownFileType = image.png; path = "tab-order@2x.png"; sourceTree = "<group>"; };
		325A8A861B0D93C300CEA0AB /* tab-my@3x.png */ = {isa = PBXFileReference; lastKnownFileType = image.png; path = "tab-my@3x.png"; sourceTree = "<group>"; };
		325A8A881B0D944900CEA0AB /* user-bg.jpg */ = {isa = PBXFileReference; lastKnownFileType = image.jpeg; path = "user-bg.jpg"; sourceTree = "<group>"; };
		325A8A8A1B0D948800CEA0AB /* MyViewController.h */ = {isa = PBXFileReference; fileEncoding = 4; lastKnownFileType = sourcecode.c.h; path = MyViewController.h; sourceTree = "<group>"; };
		325A8A8B1B0D948800CEA0AB /* MyViewController.m */ = {isa = PBXFileReference; fileEncoding = 4; lastKnownFileType = sourcecode.c.objc; path = MyViewController.m; sourceTree = "<group>"; };
		325C87E71B04D100001DF5D8 /* LoginViewController.h */ = {isa = PBXFileReference; fileEncoding = 4; lastKnownFileType = sourcecode.c.h; path = LoginViewController.h; sourceTree = "<group>"; };
		325C87E81B04D100001DF5D8 /* LoginViewController.m */ = {isa = PBXFileReference; fileEncoding = 4; lastKnownFileType = sourcecode.c.objc; path = LoginViewController.m; sourceTree = "<group>"; };
		3262EE7C1B20722B007489B9 /* order-tips.png */ = {isa = PBXFileReference; lastKnownFileType = image.png; path = "order-tips.png"; sourceTree = "<group>"; };
		3272D6331B1CA671007DBF31 /* OrderDetailViewController.h */ = {isa = PBXFileReference; fileEncoding = 4; lastKnownFileType = sourcecode.c.h; path = OrderDetailViewController.h; sourceTree = "<group>"; };
		3272D6341B1CA672007DBF31 /* OrderDetailViewController.m */ = {isa = PBXFileReference; fileEncoding = 4; lastKnownFileType = sourcecode.c.objc; path = OrderDetailViewController.m; sourceTree = "<group>"; };
		3272D63A1B1CAFA7007DBF31 /* FinanceTableViewFrame.h */ = {isa = PBXFileReference; fileEncoding = 4; lastKnownFileType = sourcecode.c.h; path = FinanceTableViewFrame.h; sourceTree = "<group>"; };
		3272D63B1B1CAFBF007DBF31 /* FinanceTableViewFrame.m */ = {isa = PBXFileReference; fileEncoding = 4; lastKnownFileType = sourcecode.c.objc; path = FinanceTableViewFrame.m; sourceTree = "<group>"; };
		3272D63D1B1DB7EC007DBF31 /* ConsignationTableViewController.h */ = {isa = PBXFileReference; fileEncoding = 4; lastKnownFileType = sourcecode.c.h; path = ConsignationTableViewController.h; sourceTree = "<group>"; };
		3272D63E1B1DB7EC007DBF31 /* ConsignationTableViewController.m */ = {isa = PBXFileReference; fileEncoding = 4; lastKnownFileType = sourcecode.c.objc; path = ConsignationTableViewController.m; sourceTree = "<group>"; };
		3272D6401B1DB82E007DBF31 /* ConsignationTableViewCell.h */ = {isa = PBXFileReference; fileEncoding = 4; lastKnownFileType = sourcecode.c.h; path = ConsignationTableViewCell.h; sourceTree = "<group>"; };
		3272D6411B1DB82E007DBF31 /* ConsignationTableViewCell.m */ = {isa = PBXFileReference; fileEncoding = 4; lastKnownFileType = sourcecode.c.objc; path = ConsignationTableViewCell.m; sourceTree = "<group>"; };
		3272D6431B1DB857007DBF31 /* ConsignationTableViewFrame.m */ = {isa = PBXFileReference; fileEncoding = 4; lastKnownFileType = sourcecode.c.objc; path = ConsignationTableViewFrame.m; sourceTree = "<group>"; };
		3272D6451B1DB870007DBF31 /* ConsignationTableViewFrame.h */ = {isa = PBXFileReference; lastKnownFileType = sourcecode.c.h; path = ConsignationTableViewFrame.h; sourceTree = "<group>"; };
		327D078F1B2157F6002F4600 /* Default@2x.png */ = {isa = PBXFileReference; lastKnownFileType = image.png; path = "Default@2x.png"; sourceTree = "<group>"; };
		327D07901B2157F6002F4600 /* retain4.png */ = {isa = PBXFileReference; lastKnownFileType = image.png; path = retain4.png; sourceTree = "<group>"; };
		327D07911B2157F6002F4600 /* retainhd47.png */ = {isa = PBXFileReference; lastKnownFileType = image.png; path = retainhd47.png; sourceTree = "<group>"; };
		327D07921B2157F6002F4600 /* retainhd55.png */ = {isa = PBXFileReference; lastKnownFileType = image.png; path = retainhd55.png; sourceTree = "<group>"; };
		327D07971B217B68002F4600 /* apply-icon.png */ = {isa = PBXFileReference; lastKnownFileType = image.png; path = "apply-icon.png"; sourceTree = "<group>"; };
		327D07991B2184F8002F4600 /* apply-plus1.png */ = {isa = PBXFileReference; lastKnownFileType = image.png; path = "apply-plus1.png"; sourceTree = "<group>"; };
		327D079B1B21BB43002F4600 /* apply-plus2.png */ = {isa = PBXFileReference; lastKnownFileType = image.png; path = "apply-plus2.png"; sourceTree = "<group>"; };
		3287153F1B25379C00D386CC /* app-icon.png */ = {isa = PBXFileReference; lastKnownFileType = image.png; path = "app-icon.png"; sourceTree = "<group>"; };
		328715401B25379C00D386CC /* app-retina.png */ = {isa = PBXFileReference; lastKnownFileType = image.png; path = "app-retina.png"; sourceTree = "<group>"; };
		328715411B25379C00D386CC /* app-search.png */ = {isa = PBXFileReference; lastKnownFileType = image.png; path = "app-search.png"; sourceTree = "<group>"; };
		328715421B25379C00D386CC /* app-search2.png */ = {isa = PBXFileReference; lastKnownFileType = image.png; path = "app-search2.png"; sourceTree = "<group>"; };
		328715431B25379C00D386CC /* app-store-retina.png */ = {isa = PBXFileReference; lastKnownFileType = image.png; path = "app-store-retina.png"; sourceTree = "<group>"; };
		328715441B25379C00D386CC /* app-store.png */ = {isa = PBXFileReference; lastKnownFileType = image.png; path = "app-store.png"; sourceTree = "<group>"; };
		3287154B1B257DB900D386CC /* icon-72.png */ = {isa = PBXFileReference; lastKnownFileType = image.png; path = "icon-72.png"; sourceTree = "<group>"; };
		3287154C1B257DB900D386CC /* icon-Small.png */ = {isa = PBXFileReference; lastKnownFileType = image.png; path = "icon-Small.png"; sourceTree = "<group>"; };
		3287154D1B257DB900D386CC /* icon-Small@2x.png */ = {isa = PBXFileReference; lastKnownFileType = image.png; path = "icon-Small@2x.png"; sourceTree = "<group>"; };
		3287154E1B257DB900D386CC /* icon.png */ = {isa = PBXFileReference; lastKnownFileType = image.png; path = icon.png; sourceTree = "<group>"; };
		3287154F1B257DB900D386CC /* icon@2x.png */ = {isa = PBXFileReference; lastKnownFileType = image.png; path = "icon@2x.png"; sourceTree = "<group>"; };
		328715551B257F5400D386CC /* order-arrow.png */ = {isa = PBXFileReference; lastKnownFileType = image.png; path = "order-arrow.png"; sourceTree = "<group>"; };
		32A48DE61B2032AF000A44A0 /* UIView+XCMultiSortTableView.h */ = {isa = PBXFileReference; fileEncoding = 4; lastKnownFileType = sourcecode.c.h; path = "UIView+XCMultiSortTableView.h"; sourceTree = "<group>"; };
		32A48DE71B2032AF000A44A0 /* UIView+XCMultiSortTableView.m */ = {isa = PBXFileReference; fileEncoding = 4; lastKnownFileType = sourcecode.c.objc; path = "UIView+XCMultiSortTableView.m"; sourceTree = "<group>"; };
		32A48DE81B2032AF000A44A0 /* XCMultiSortTableView.h */ = {isa = PBXFileReference; fileEncoding = 4; lastKnownFileType = sourcecode.c.h; path = XCMultiSortTableView.h; sourceTree = "<group>"; };
		32A48DE91B2032AF000A44A0 /* XCMultiSortTableView.m */ = {isa = PBXFileReference; fileEncoding = 4; lastKnownFileType = sourcecode.c.objc; path = XCMultiSortTableView.m; sourceTree = "<group>"; };
		32A48DEA1B2032AF000A44A0 /* XCMultiSortTableViewBGScrollView.h */ = {isa = PBXFileReference; fileEncoding = 4; lastKnownFileType = sourcecode.c.h; path = XCMultiSortTableViewBGScrollView.h; sourceTree = "<group>"; };
		32A48DEB1B2032AF000A44A0 /* XCMultiSortTableViewBGScrollView.m */ = {isa = PBXFileReference; fileEncoding = 4; lastKnownFileType = sourcecode.c.objc; path = XCMultiSortTableViewBGScrollView.m; sourceTree = "<group>"; };
		32A48DEC1B2032AF000A44A0 /* XCMultiSortTableViewDefault.h */ = {isa = PBXFileReference; fileEncoding = 4; lastKnownFileType = sourcecode.c.h; path = XCMultiSortTableViewDefault.h; sourceTree = "<group>"; };
		32A48DF01B203D62000A44A0 /* OrderDetailDelegate.h */ = {isa = PBXFileReference; fileEncoding = 4; lastKnownFileType = sourcecode.c.h; path = OrderDetailDelegate.h; sourceTree = "<group>"; };
		32A48DF31B205F00000A44A0 /* OrderCommentViewController.h */ = {isa = PBXFileReference; fileEncoding = 4; lastKnownFileType = sourcecode.c.h; path = OrderCommentViewController.h; sourceTree = "<group>"; };
		32A48DF41B205F00000A44A0 /* OrderCommentViewController.m */ = {isa = PBXFileReference; fileEncoding = 4; lastKnownFileType = sourcecode.c.objc; path = OrderCommentViewController.m; sourceTree = "<group>"; };
		32A48DF61B20672B000A44A0 /* OrderNoteViewController.h */ = {isa = PBXFileReference; fileEncoding = 4; lastKnownFileType = sourcecode.c.h; path = OrderNoteViewController.h; sourceTree = "<group>"; };
		32A48DF71B20672B000A44A0 /* OrderNoteViewController.m */ = {isa = PBXFileReference; fileEncoding = 4; lastKnownFileType = sourcecode.c.objc; path = OrderNoteViewController.m; sourceTree = "<group>"; };
		32AAD6AC1B1AE488008C3306 /* GoodsListViewController.h */ = {isa = PBXFileReference; fileEncoding = 4; lastKnownFileType = sourcecode.c.h; path = GoodsListViewController.h; sourceTree = "<group>"; };
		32AAD6AD1B1AE488008C3306 /* GoodsListViewController.m */ = {isa = PBXFileReference; fileEncoding = 4; lastKnownFileType = sourcecode.c.objc; path = GoodsListViewController.m; sourceTree = "<group>"; };
		32AAD6AF1B1B1530008C3306 /* goods-cart.png */ = {isa = PBXFileReference; lastKnownFileType = image.png; path = "goods-cart.png"; sourceTree = "<group>"; };
		32AAD6B11B1B242E008C3306 /* GoodsDetailViewController.h */ = {isa = PBXFileReference; fileEncoding = 4; lastKnownFileType = sourcecode.c.h; path = GoodsDetailViewController.h; sourceTree = "<group>"; };
		32AAD6B21B1B242E008C3306 /* GoodsDetailViewController.m */ = {isa = PBXFileReference; fileEncoding = 4; lastKnownFileType = sourcecode.c.objc; path = GoodsDetailViewController.m; sourceTree = "<group>"; };
		32AAD6B41B1B24E1008C3306 /* DetailDelegate.h */ = {isa = PBXFileReference; lastKnownFileType = sourcecode.c.h; path = DetailDelegate.h; sourceTree = "<group>"; };
		32D3D9841B03B2AE00B50967 /* AFNetworkTool.h */ = {isa = PBXFileReference; fileEncoding = 4; lastKnownFileType = sourcecode.c.h; path = AFNetworkTool.h; sourceTree = "<group>"; };
		32D3D9851B03B2AE00B50967 /* AFNetworkTool.m */ = {isa = PBXFileReference; fileEncoding = 4; lastKnownFileType = sourcecode.c.objc; path = AFNetworkTool.m; sourceTree = "<group>"; };
		32D3D9861B03B2AE00B50967 /* BWCommon.h */ = {isa = PBXFileReference; fileEncoding = 4; lastKnownFileType = sourcecode.c.h; path = BWCommon.h; sourceTree = "<group>"; };
		32D3D9871B03B2AE00B50967 /* BWCommon.m */ = {isa = PBXFileReference; fileEncoding = 4; lastKnownFileType = sourcecode.c.objc; path = BWCommon.m; sourceTree = "<group>"; };
		6F57A9EA1B1BF986001530C7 /* MyAddressEditViewController.h */ = {isa = PBXFileReference; fileEncoding = 4; lastKnownFileType = sourcecode.c.h; path = MyAddressEditViewController.h; sourceTree = "<group>"; };
		6F57A9EB1B1BF986001530C7 /* MyAddressEditViewController.m */ = {isa = PBXFileReference; fileEncoding = 4; lastKnownFileType = sourcecode.c.objc; path = MyAddressEditViewController.m; sourceTree = "<group>"; };
		6F6995C41B15875800AFB979 /* user-right-array.png */ = {isa = PBXFileReference; lastKnownFileType = image.png; path = "user-right-array.png"; sourceTree = "<group>"; };
		6F6995C61B15992900AFB979 /* user-face.png */ = {isa = PBXFileReference; lastKnownFileType = image.png; path = "user-face.png"; sourceTree = "<group>"; };
		6F6E4CA21B1870BE002F0419 /* password-login-icon.png */ = {isa = PBXFileReference; lastKnownFileType = image.png; path = "password-login-icon.png"; sourceTree = "<group>"; };
		6F6E4CA31B1870BE002F0419 /* password-sale-icon.png */ = {isa = PBXFileReference; lastKnownFileType = image.png; path = "password-sale-icon.png"; sourceTree = "<group>"; };
		6F6E4CA61B187B5F002F0419 /* PasswordLoginViewController.h */ = {isa = PBXFileReference; fileEncoding = 4; lastKnownFileType = sourcecode.c.h; path = PasswordLoginViewController.h; sourceTree = "<group>"; };
		6F6E4CA71B187B5F002F0419 /* PasswordLoginViewController.m */ = {isa = PBXFileReference; fileEncoding = 4; lastKnownFileType = sourcecode.c.objc; path = PasswordLoginViewController.m; sourceTree = "<group>"; };
		6F6E4CA91B187B91002F0419 /* PasswordSaleViewController.h */ = {isa = PBXFileReference; fileEncoding = 4; lastKnownFileType = sourcecode.c.h; path = PasswordSaleViewController.h; sourceTree = "<group>"; };
		6F6E4CAA1B187B91002F0419 /* PasswordSaleViewController.m */ = {isa = PBXFileReference; fileEncoding = 4; lastKnownFileType = sourcecode.c.objc; path = PasswordSaleViewController.m; sourceTree = "<group>"; };
		6F85EFE31B16E3CC008C101B /* MyAddressViewController.h */ = {isa = PBXFileReference; fileEncoding = 4; lastKnownFileType = sourcecode.c.h; path = MyAddressViewController.h; sourceTree = "<group>"; };
		6F85EFE41B16E3CC008C101B /* MyAddressViewController.m */ = {isa = PBXFileReference; fileEncoding = 4; lastKnownFileType = sourcecode.c.objc; path = MyAddressViewController.m; sourceTree = "<group>"; };
		6F85EFE91B16E47F008C101B /* MyContactWayViewController.h */ = {isa = PBXFileReference; fileEncoding = 4; lastKnownFileType = sourcecode.c.h; path = MyContactWayViewController.h; sourceTree = "<group>"; };
		6F85EFEA1B16E47F008C101B /* MyContactWayViewController.m */ = {isa = PBXFileReference; fileEncoding = 4; lastKnownFileType = sourcecode.c.objc; path = MyContactWayViewController.m; sourceTree = "<group>"; };
		6F85EFEC1B16E4CF008C101B /* MyBusinessInfoViewController.h */ = {isa = PBXFileReference; fileEncoding = 4; lastKnownFileType = sourcecode.c.h; path = MyBusinessInfoViewController.h; sourceTree = "<group>"; };
		6F85EFED1B16E4CF008C101B /* MyBusinessInfoViewController.m */ = {isa = PBXFileReference; fileEncoding = 4; lastKnownFileType = sourcecode.c.objc; path = MyBusinessInfoViewController.m; sourceTree = "<group>"; };
		6F85EFEF1B16E509008C101B /* MyPasswordViewController.h */ = {isa = PBXFileReference; fileEncoding = 4; lastKnownFileType = sourcecode.c.h; path = MyPasswordViewController.h; sourceTree = "<group>"; };
		6F85EFF01B16E509008C101B /* MyPasswordViewController.m */ = {isa = PBXFileReference; fileEncoding = 4; lastKnownFileType = sourcecode.c.objc; path = MyPasswordViewController.m; sourceTree = "<group>"; };
		6F85EFF21B16E5D4008C101B /* MyAfterSalesViewController.h */ = {isa = PBXFileReference; fileEncoding = 4; lastKnownFileType = sourcecode.c.h; path = MyAfterSalesViewController.h; sourceTree = "<group>"; };
		6F85EFF31B16E5D4008C101B /* MyAfterSalesViewController.m */ = {isa = PBXFileReference; fileEncoding = 4; lastKnownFileType = sourcecode.c.objc; path = MyAfterSalesViewController.m; sourceTree = "<group>"; };
		6F8AEB831B1D446000E2F6E9 /* area.plist */ = {isa = PBXFileReference; fileEncoding = 4; lastKnownFileType = text.plist.xml; path = area.plist; sourceTree = "<group>"; };
		6F8AEB841B1D446000E2F6E9 /* city.plist */ = {isa = PBXFileReference; fileEncoding = 4; lastKnownFileType = text.plist.xml; path = city.plist; sourceTree = "<group>"; };
		6F8AEB851B1D446000E2F6E9 /* HZAreaPickerView.h */ = {isa = PBXFileReference; fileEncoding = 4; lastKnownFileType = sourcecode.c.h; path = HZAreaPickerView.h; sourceTree = "<group>"; };
		6F8AEB861B1D446000E2F6E9 /* HZAreaPickerView.m */ = {isa = PBXFileReference; fileEncoding = 4; lastKnownFileType = sourcecode.c.objc; path = HZAreaPickerView.m; sourceTree = "<group>"; };
		6F8AEB871B1D446000E2F6E9 /* HZAreaPickerView.xib */ = {isa = PBXFileReference; fileEncoding = 4; lastKnownFileType = file.xib; path = HZAreaPickerView.xib; sourceTree = "<group>"; };
		6F8AEB881B1D446000E2F6E9 /* HZLocation.h */ = {isa = PBXFileReference; fileEncoding = 4; lastKnownFileType = sourcecode.c.h; path = HZLocation.h; sourceTree = "<group>"; };
		6F8AEB891B1D446000E2F6E9 /* HZLocation.m */ = {isa = PBXFileReference; fileEncoding = 4; lastKnownFileType = sourcecode.c.objc; path = HZLocation.m; sourceTree = "<group>"; };
		6FCBFE251B19B47700537CC6 /* MyAfterSaleTableViewFrame.h */ = {isa = PBXFileReference; lastKnownFileType = sourcecode.c.h; path = MyAfterSaleTableViewFrame.h; sourceTree = "<group>"; };
		6FCBFE261B19B4A200537CC6 /* MyAfterSaleTableViewFrame.m */ = {isa = PBXFileReference; fileEncoding = 4; lastKnownFileType = sourcecode.c.objc; path = MyAfterSaleTableViewFrame.m; sourceTree = "<group>"; };
		6FCBFE2B1B19B5A800537CC6 /* MyAfterSaleTableViewCell.h */ = {isa = PBXFileReference; fileEncoding = 4; lastKnownFileType = sourcecode.c.h; path = MyAfterSaleTableViewCell.h; sourceTree = "<group>"; };
		6FCBFE2C1B19B5A800537CC6 /* MyAfterSaleTableViewCell.m */ = {isa = PBXFileReference; fileEncoding = 4; lastKnownFileType = sourcecode.c.objc; path = MyAfterSaleTableViewCell.m; sourceTree = "<group>"; };
		6FDDE2D31B176A590064E885 /* zh-Hans */ = {isa = PBXFileReference; lastKnownFileType = text.plist.strings; name = "zh-Hans"; path = "zh-Hans.lproj/Main.strings"; sourceTree = "<group>"; };
		6FDDE2D41B176A590064E885 /* zh-Hans */ = {isa = PBXFileReference; lastKnownFileType = text.plist.strings; name = "zh-Hans"; path = "zh-Hans.lproj/LaunchScreen.strings"; sourceTree = "<group>"; };
		6FE32FFA1B19BEE300BE3B8F /* complain-time-icon.png */ = {isa = PBXFileReference; lastKnownFileType = image.png; path = "complain-time-icon.png"; sourceTree = "<group>"; };
		6FE32FFC1B19E24500BE3B8F /* address-delete-icon.png */ = {isa = PBXFileReference; lastKnownFileType = image.png; path = "address-delete-icon.png"; sourceTree = "<group>"; };
		6FE32FFD1B19E24500BE3B8F /* address-noselect-icon.png */ = {isa = PBXFileReference; lastKnownFileType = image.png; path = "address-noselect-icon.png"; sourceTree = "<group>"; };
		6FE32FFE1B19E24500BE3B8F /* address-selected-icon.png */ = {isa = PBXFileReference; lastKnownFileType = image.png; path = "address-selected-icon.png"; sourceTree = "<group>"; };
		6FE330021B19E36A00BE3B8F /* MyAddressTableViewFrame.h */ = {isa = PBXFileReference; lastKnownFileType = sourcecode.c.h; path = MyAddressTableViewFrame.h; sourceTree = "<group>"; };
		6FE330031B19E39A00BE3B8F /* MyAddressTableViewFrame.m */ = {isa = PBXFileReference; fileEncoding = 4; lastKnownFileType = sourcecode.c.objc; path = MyAddressTableViewFrame.m; sourceTree = "<group>"; };
		6FE330051B19E3FB00BE3B8F /* MyAddressTableViewCell.h */ = {isa = PBXFileReference; fileEncoding = 4; lastKnownFileType = sourcecode.c.h; path = MyAddressTableViewCell.h; sourceTree = "<group>"; };
		6FE330061B19E3FB00BE3B8F /* MyAddressTableViewCell.m */ = {isa = PBXFileReference; fileEncoding = 4; lastKnownFileType = sourcecode.c.objc; path = MyAddressTableViewCell.m; sourceTree = "<group>"; };
		6FE75F0E1B1ED32D005C9A6B /* JKCountDownButton.h */ = {isa = PBXFileReference; fileEncoding = 4; lastKnownFileType = sourcecode.c.h; path = JKCountDownButton.h; sourceTree = "<group>"; };
		6FE75F0F1B1ED32D005C9A6B /* JKCountDownButton.m */ = {isa = PBXFileReference; fileEncoding = 4; lastKnownFileType = sourcecode.c.objc; path = JKCountDownButton.m; sourceTree = "<group>"; };
		6FE75F121B1EEB07005C9A6B /* user-address-down-icon.png */ = {isa = PBXFileReference; lastKnownFileType = image.png; path = "user-address-down-icon.png"; sourceTree = "<group>"; };
		9209D6723B6D4EA0AEA34FD9 /* Pods.release.xcconfig */ = {isa = PBXFileReference; includeInIndex = 1; lastKnownFileType = text.xcconfig; name = Pods.release.xcconfig; path = "Pods/Target Support Files/Pods/Pods.release.xcconfig"; sourceTree = "<group>"; };
/* End PBXFileReference section */

/* Begin PBXFrameworksBuildPhase section */
		323EE9041AF8F57D00C55306 /* Frameworks */ = {
			isa = PBXFrameworksBuildPhase;
			buildActionMask = 2147483647;
			files = (
				2F28CE4029F20C31DC29FC0D /* libPods.a in Frameworks */,
			);
			runOnlyForDeploymentPostprocessing = 0;
		};
		323EE9201AF8F57D00C55306 /* Frameworks */ = {
			isa = PBXFrameworksBuildPhase;
			buildActionMask = 2147483647;
			files = (
			);
			runOnlyForDeploymentPostprocessing = 0;
		};
/* End PBXFrameworksBuildPhase section */

/* Begin PBXGroup section */
		0015FBFBE814B245C767B8CF /* Frameworks */ = {
			isa = PBXGroup;
			children = (
				0B4D25A284901F0055FD25C7 /* libPods.a */,
			);
			name = Frameworks;
			sourceTree = "<group>";
		};
		1E51CFB0429BDEBA91A08EB6 /* Pods */ = {
			isa = PBXGroup;
			children = (
				1640FFD999E11B7C9BEE9121 /* Pods.debug.xcconfig */,
				9209D6723B6D4EA0AEA34FD9 /* Pods.release.xcconfig */,
			);
			name = Pods;
			sourceTree = "<group>";
		};
		321A23821B09CD0200A9D294 /* assets */ = {
			isa = PBXGroup;
			children = (
				328715551B257F5400D386CC /* order-arrow.png */,
				3287154B1B257DB900D386CC /* icon-72.png */,
				3287154C1B257DB900D386CC /* icon-Small.png */,
				3287154D1B257DB900D386CC /* icon-Small@2x.png */,
				3287154E1B257DB900D386CC /* icon.png */,
				3287154F1B257DB900D386CC /* icon@2x.png */,
				3287153F1B25379C00D386CC /* app-icon.png */,
				328715401B25379C00D386CC /* app-retina.png */,
				328715411B25379C00D386CC /* app-search.png */,
				328715421B25379C00D386CC /* app-search2.png */,
				328715431B25379C00D386CC /* app-store-retina.png */,
				328715441B25379C00D386CC /* app-store.png */,
				32502BB51B246BEA00C9AB9C /* goods-q.png */,
				32502BAA1B24463E00C9AB9C /* finance-3.png */,
				32502BA81B2435AF00C9AB9C /* green.png */,
				32502BA61B2431BE00C9AB9C /* alpha.png */,
				327D079B1B21BB43002F4600 /* apply-plus2.png */,
				327D07991B2184F8002F4600 /* apply-plus1.png */,
				327D07971B217B68002F4600 /* apply-icon.png */,
				327D078F1B2157F6002F4600 /* Default@2x.png */,
				327D07901B2157F6002F4600 /* retain4.png */,
				327D07911B2157F6002F4600 /* retainhd47.png */,
				327D07921B2157F6002F4600 /* retainhd55.png */,
				6FE75F121B1EEB07005C9A6B /* user-address-down-icon.png */,
				32AAD6AF1B1B1530008C3306 /* goods-cart.png */,
				6FE32FFC1B19E24500BE3B8F /* address-delete-icon.png */,
				6FE32FFD1B19E24500BE3B8F /* address-noselect-icon.png */,
				6FE32FFE1B19E24500BE3B8F /* address-selected-icon.png */,
				6FE32FFA1B19BEE300BE3B8F /* complain-time-icon.png */,
				322CFAF61B18897800D12AFD /* finance-1.png */,
				322CFAF71B18897800D12AFD /* finance-2.png */,
				322CFAEA1B18800300D12AFD /* goods-1.png */,
				322CFAEB1B18800300D12AFD /* goods-2.png */,
				322CFAEC1B18800300D12AFD /* goods-3.png */,
				6F6E4CA21B1870BE002F0419 /* password-login-icon.png */,
				6F6E4CA31B1870BE002F0419 /* password-sale-icon.png */,
				6F6995C61B15992900AFB979 /* user-face.png */,
				6F6995C41B15875800AFB979 /* user-right-array.png */,
				321B0E4A1B14807C004D5827 /* user-edit.png */,
				3262EE7C1B20722B007489B9 /* order-tips.png */,
				321B0E4B1B14807C004D5827 /* user-icon1.png */,
				321B0E4C1B14807C004D5827 /* user-icon2.png */,
				321B0E4D1B14807C004D5827 /* user-icon3.png */,
				321B0E4E1B14807C004D5827 /* user-icon4.png */,
				321B0E4F1B14807C004D5827 /* user-icon5.png */,
				321B0E501B14807C004D5827 /* user-icon6.png */,
				321B0E511B14807C004D5827 /* user-icon7.png */,
				325A8A881B0D944900CEA0AB /* user-bg.jpg */,
				325A8A861B0D93C300CEA0AB /* tab-my@3x.png */,
				325A8A761B0D92F300CEA0AB /* tab-finance.png */,
				325A8A771B0D92F300CEA0AB /* tab-finance@2x.png */,
				325A8A781B0D92F300CEA0AB /* tab-goods.png */,
				325A8A791B0D92F300CEA0AB /* tab-goods@2x.png */,
				325A8A7A1B0D92F300CEA0AB /* tab-my.png */,
				325A8A7B1B0D92F300CEA0AB /* tab-my@2x.png */,
				325A8A7C1B0D92F300CEA0AB /* tab-order.png */,
				325A8A7D1B0D92F300CEA0AB /* tab-order@2x.png */,
				3232635C1B0C88550004522E /* register-cellphone@2x.png */,
				3232635D1B0C88550004522E /* register-check-default@2x.png */,
				3232635E1B0C88550004522E /* register-email@2x.png */,
				3232635F1B0C88550004522E /* register-password@2x.png */,
				321A23831B09CD0200A9D294 /* login-password.png */,
				321A23841B09CD0200A9D294 /* login-password@2x.png */,
				321A23851B09CD0200A9D294 /* login-user.png */,
				321A23861B09CD0200A9D294 /* login-user@2x.png */,
				321A23871B09CD0200A9D294 /* logo.png */,
				321A23881B09CD0200A9D294 /* register-cellphone.png */,
				321A23891B09CD0200A9D294 /* register-check-checked.png */,
				321A238A1B09CD0200A9D294 /* register-check-checked@2x.png */,
				321A238B1B09CD0200A9D294 /* register-check-default.png */,
				321A238C1B09CD0200A9D294 /* register-email.png */,
				321A238D1B09CD0200A9D294 /* register-password.png */,
			);
			path = assets;
			sourceTree = "<group>";
		};
		3227EAEA1B19E40E00AC34B8 /* Goods */ = {
			isa = PBXGroup;
			children = (
				3227EAEB1B19E44D00AC34B8 /* GoodsListTableViewController.h */,
				3227EAEC1B19E44D00AC34B8 /* GoodsListTableViewController.m */,
				32AAD6AC1B1AE488008C3306 /* GoodsListViewController.h */,
				32AAD6AD1B1AE488008C3306 /* GoodsListViewController.m */,
				32AAD6B11B1B242E008C3306 /* GoodsDetailViewController.h */,
				32AAD6B21B1B242E008C3306 /* GoodsDetailViewController.m */,
				3272D63D1B1DB7EC007DBF31 /* ConsignationTableViewController.h */,
				3272D63E1B1DB7EC007DBF31 /* ConsignationTableViewController.m */,
				32502BAC1B24553C00C9AB9C /* CartTableViewController.h */,
				32502BAD1B24553C00C9AB9C /* CartTableViewController.m */,
			);
			name = Goods;
			sourceTree = "<group>";
		};
		3227EAEE1B19E65000AC34B8 /* Goods */ = {
			isa = PBXGroup;
			children = (
				3227EAEF1B19E67100AC34B8 /* GoodsListTableViewCell.h */,
				3227EAF01B19E67100AC34B8 /* GoodsListTableViewCell.m */,
				3227EAF41B19E69D00AC34B8 /* GoodsListTableViewFrame.h */,
				3227EAF21B19E68B00AC34B8 /* GoodsListTableViewFrame.m */,
				3272D6401B1DB82E007DBF31 /* ConsignationTableViewCell.h */,
				3272D6411B1DB82E007DBF31 /* ConsignationTableViewCell.m */,
				3272D6451B1DB870007DBF31 /* ConsignationTableViewFrame.h */,
				3272D6431B1DB857007DBF31 /* ConsignationTableViewFrame.m */,
				32502BAF1B24557700C9AB9C /* CartTableViewCell.h */,
				32502BB01B24557700C9AB9C /* CartTableViewCell.m */,
				32502BB21B24559900C9AB9C /* CartTableViewFrame.h */,
				32502BB31B2455B200C9AB9C /* CartTableViewFrame.m */,
			);
			name = Goods;
			sourceTree = "<group>";
		};
		322CFAE01B1822DE00D12AFD /* View */ = {
			isa = PBXGroup;
			children = (
				3227EAEE1B19E65000AC34B8 /* Goods */,
				322CFAE11B18230D00D12AFD /* OrderTableViewCell.h */,
				322CFAE21B18230D00D12AFD /* OrderTableViewCell.m */,
				322CFAE41B18233D00D12AFD /* OrderTableViewFrame.h */,
				322CFAE51B18235300D12AFD /* OrderTableViewFrame.m */,
				322CFAE71B187D6800D12AFD /* GoodsTableViewCell.h */,
				322CFAE81B187D6800D12AFD /* GoodsTableViewCell.m */,
				322CFAF31B1887BC00D12AFD /* FinanceTableViewCell.h */,
				322CFAF41B1887BC00D12AFD /* FinanceTableViewCell.m */,
				3272D63A1B1CAFA7007DBF31 /* FinanceTableViewFrame.h */,
				3272D63B1B1CAFBF007DBF31 /* FinanceTableViewFrame.m */,
				6FCBFE251B19B47700537CC6 /* MyAfterSaleTableViewFrame.h */,
				6FCBFE261B19B4A200537CC6 /* MyAfterSaleTableViewFrame.m */,
				6FCBFE2B1B19B5A800537CC6 /* MyAfterSaleTableViewCell.h */,
				6FCBFE2C1B19B5A800537CC6 /* MyAfterSaleTableViewCell.m */,
				6FE330021B19E36A00BE3B8F /* MyAddressTableViewFrame.h */,
				6FE330031B19E39A00BE3B8F /* MyAddressTableViewFrame.m */,
				6FE330051B19E3FB00BE3B8F /* MyAddressTableViewCell.h */,
				6FE330061B19E3FB00BE3B8F /* MyAddressTableViewCell.m */,
			);
			name = View;
			sourceTree = "<group>";
		};
		323EE8FE1AF8F57D00C55306 = {
			isa = PBXGroup;
			children = (
				323EE9091AF8F57D00C55306 /* hxm */,
				323EE9261AF8F57D00C55306 /* hxmTests */,
				323EE9081AF8F57D00C55306 /* Products */,
				1E51CFB0429BDEBA91A08EB6 /* Pods */,
				0015FBFBE814B245C767B8CF /* Frameworks */,
			);
			sourceTree = "<group>";
		};
		323EE9081AF8F57D00C55306 /* Products */ = {
			isa = PBXGroup;
			children = (
				323EE9071AF8F57D00C55306 /* hxm.app */,
				323EE9231AF8F57D00C55306 /* hxmTests.xctest */,
			);
			name = Products;
			sourceTree = "<group>";
		};
		323EE9091AF8F57D00C55306 /* hxm */ = {
			isa = PBXGroup;
			children = (
				6FE75F111B1EDADA005C9A6B /* 3rd */,
				322CFAE01B1822DE00D12AFD /* View */,
				321A23821B09CD0200A9D294 /* assets */,
				325C87E61B04D07A001DF5D8 /* Controller */,
				32D3D9881B03B2AE00B50967 /* lib */,
				323EE90E1AF8F57D00C55306 /* AppDelegate.h */,
				323EE90F1AF8F57D00C55306 /* AppDelegate.m */,
				32AAD6B41B1B24E1008C3306 /* DetailDelegate.h */,
				32A48DF01B203D62000A44A0 /* OrderDetailDelegate.h */,
				323EE9171AF8F57D00C55306 /* Main.storyboard */,
				323EE91A1AF8F57D00C55306 /* Images.xcassets */,
				323EE91C1AF8F57D00C55306 /* LaunchScreen.xib */,
				323EE90A1AF8F57D00C55306 /* Supporting Files */,
			);
			path = hxm;
			sourceTree = "<group>";
		};
		323EE90A1AF8F57D00C55306 /* Supporting Files */ = {
			isa = PBXGroup;
			children = (
				323EE90B1AF8F57D00C55306 /* Info.plist */,
				323EE90C1AF8F57D00C55306 /* main.m */,
				321A23991B09CEFF00A9D294 /* baseinfo.plist */,
			);
			name = "Supporting Files";
			sourceTree = "<group>";
		};
		323EE9261AF8F57D00C55306 /* hxmTests */ = {
			isa = PBXGroup;
			children = (
				323EE9291AF8F57D00C55306 /* hxmTests.m */,
				323EE9271AF8F57D00C55306 /* Supporting Files */,
			);
			path = hxmTests;
			sourceTree = "<group>";
		};
		323EE9271AF8F57D00C55306 /* Supporting Files */ = {
			isa = PBXGroup;
			children = (
				323EE9281AF8F57D00C55306 /* Info.plist */,
			);
			name = "Supporting Files";
			sourceTree = "<group>";
		};
		32502BA21B242D0F00C9AB9C /* Finance */ = {
			isa = PBXGroup;
			children = (
				32502BA31B242D9000C9AB9C /* FinanceDetailViewController.h */,
				32502BA41B242D9000C9AB9C /* FinanceDetailViewController.m */,
			);
			name = Finance;
			sourceTree = "<group>";
		};
		325C87E61B04D07A001DF5D8 /* Controller */ = {
			isa = PBXGroup;
			children = (
				32502BA21B242D0F00C9AB9C /* Finance */,
				3272D6361B1CA695007DBF31 /* Order */,
				3227EAEA1B19E40E00AC34B8 /* Goods */,
				323C30E91B0B913F00D0B8D0 /* GoodsViewController.h */,
				323C30EA1B0B913F00D0B8D0 /* GoodsViewController.m */,
				323C30EC1B0B94FF00D0B8D0 /* ApplyViewController.h */,
				323C30ED1B0B94FF00D0B8D0 /* ApplyViewController.m */,
				325C87E71B04D100001DF5D8 /* LoginViewController.h */,
				325C87E81B04D100001DF5D8 /* LoginViewController.m */,
				3214A87D1B04F920007DE10F /* RegisterViewController.h */,
				3214A87E1B04F920007DE10F /* RegisterViewController.m */,
				323C30E61B0B90A400D0B8D0 /* OrderViewController.h */,
				323C30E71B0B90A400D0B8D0 /* OrderViewController.m */,
				325A8A8A1B0D948800CEA0AB /* MyViewController.h */,
				325A8A8B1B0D948800CEA0AB /* MyViewController.m */,
				6F85EFE91B16E47F008C101B /* MyContactWayViewController.h */,
				6F85EFEA1B16E47F008C101B /* MyContactWayViewController.m */,
				6F85EFEC1B16E4CF008C101B /* MyBusinessInfoViewController.h */,
				6F85EFED1B16E4CF008C101B /* MyBusinessInfoViewController.m */,
				6F85EFE31B16E3CC008C101B /* MyAddressViewController.h */,
				6F85EFE41B16E3CC008C101B /* MyAddressViewController.m */,
				6F57A9EA1B1BF986001530C7 /* MyAddressEditViewController.h */,
				6F57A9EB1B1BF986001530C7 /* MyAddressEditViewController.m */,
				6F85EFF21B16E5D4008C101B /* MyAfterSalesViewController.h */,
				6F85EFF31B16E5D4008C101B /* MyAfterSalesViewController.m */,
				6F85EFEF1B16E509008C101B /* MyPasswordViewController.h */,
				6F85EFF01B16E509008C101B /* MyPasswordViewController.m */,
				322CFAF01B18845500D12AFD /* FinanceTableViewController.h */,
				322CFAF11B18845500D12AFD /* FinanceTableViewController.m */,
				6F6E4CA61B187B5F002F0419 /* PasswordLoginViewController.h */,
				6F6E4CA71B187B5F002F0419 /* PasswordLoginViewController.m */,
				6F6E4CA91B187B91002F0419 /* PasswordSaleViewController.h */,
				6F6E4CAA1B187B91002F0419 /* PasswordSaleViewController.m */,
			);
			name = Controller;
			sourceTree = "<group>";
		};
		3272D6361B1CA695007DBF31 /* Order */ = {
			isa = PBXGroup;
			children = (
				3272D6331B1CA671007DBF31 /* OrderDetailViewController.h */,
				3272D6341B1CA672007DBF31 /* OrderDetailViewController.m */,
				32A48DF31B205F00000A44A0 /* OrderCommentViewController.h */,
				32A48DF41B205F00000A44A0 /* OrderCommentViewController.m */,
				32A48DF61B20672B000A44A0 /* OrderNoteViewController.h */,
				32A48DF71B20672B000A44A0 /* OrderNoteViewController.m */,
			);
			name = Order;
			sourceTree = "<group>";
		};
		32A48DE51B2032AF000A44A0 /* XCMultiSortTableView */ = {
			isa = PBXGroup;
			children = (
				32A48DE61B2032AF000A44A0 /* UIView+XCMultiSortTableView.h */,
				32A48DE71B2032AF000A44A0 /* UIView+XCMultiSortTableView.m */,
				32A48DE81B2032AF000A44A0 /* XCMultiSortTableView.h */,
				32A48DE91B2032AF000A44A0 /* XCMultiSortTableView.m */,
				32A48DEA1B2032AF000A44A0 /* XCMultiSortTableViewBGScrollView.h */,
				32A48DEB1B2032AF000A44A0 /* XCMultiSortTableViewBGScrollView.m */,
				32A48DEC1B2032AF000A44A0 /* XCMultiSortTableViewDefault.h */,
			);
			name = XCMultiSortTableView;
			path = hxm/XCMultiSortTableView;
			sourceTree = SOURCE_ROOT;
		};
		32D3D9881B03B2AE00B50967 /* lib */ = {
			isa = PBXGroup;
			children = (
				32A48DE51B2032AF000A44A0 /* XCMultiSortTableView */,
				32D3D9841B03B2AE00B50967 /* AFNetworkTool.h */,
				32D3D9851B03B2AE00B50967 /* AFNetworkTool.m */,
				32D3D9861B03B2AE00B50967 /* BWCommon.h */,
				32D3D9871B03B2AE00B50967 /* BWCommon.m */,
			);
			path = lib;
			sourceTree = "<group>";
		};
		6F8AEB821B1D43F600E2F6E9 /* AreaPicker */ = {
			isa = PBXGroup;
			children = (
				6F8AEB831B1D446000E2F6E9 /* area.plist */,
				6F8AEB841B1D446000E2F6E9 /* city.plist */,
				6F8AEB851B1D446000E2F6E9 /* HZAreaPickerView.h */,
				6F8AEB861B1D446000E2F6E9 /* HZAreaPickerView.m */,
				6F8AEB871B1D446000E2F6E9 /* HZAreaPickerView.xib */,
				6F8AEB881B1D446000E2F6E9 /* HZLocation.h */,
				6F8AEB891B1D446000E2F6E9 /* HZLocation.m */,
			);
			name = AreaPicker;
			sourceTree = "<group>";
		};
		6FE75F0D1B1ED32D005C9A6B /* JKCountDownButton */ = {
			isa = PBXGroup;
			children = (
				6FE75F0E1B1ED32D005C9A6B /* JKCountDownButton.h */,
				6FE75F0F1B1ED32D005C9A6B /* JKCountDownButton.m */,
			);
			path = JKCountDownButton;
			sourceTree = "<group>";
		};
		6FE75F111B1EDADA005C9A6B /* 3rd */ = {
			isa = PBXGroup;
			children = (
				6F8AEB821B1D43F600E2F6E9 /* AreaPicker */,
				6FE75F0D1B1ED32D005C9A6B /* JKCountDownButton */,
			);
			name = 3rd;
			sourceTree = "<group>";
		};
/* End PBXGroup section */

/* Begin PBXNativeTarget section */
		323EE9061AF8F57D00C55306 /* hxm */ = {
			isa = PBXNativeTarget;
			buildConfigurationList = 323EE92D1AF8F57D00C55306 /* Build configuration list for PBXNativeTarget "hxm" */;
			buildPhases = (
				84B4119305D8B93A4B6C81E2 /* Check Pods Manifest.lock */,
				323EE9031AF8F57D00C55306 /* Sources */,
				323EE9041AF8F57D00C55306 /* Frameworks */,
				323EE9051AF8F57D00C55306 /* Resources */,
				5E18D2AE6B16520E01645B33 /* Copy Pods Resources */,
			);
			buildRules = (
			);
			dependencies = (
			);
			name = hxm;
			productName = hxm;
			productReference = 323EE9071AF8F57D00C55306 /* hxm.app */;
			productType = "com.apple.product-type.application";
		};
		323EE9221AF8F57D00C55306 /* hxmTests */ = {
			isa = PBXNativeTarget;
			buildConfigurationList = 323EE9301AF8F57D00C55306 /* Build configuration list for PBXNativeTarget "hxmTests" */;
			buildPhases = (
				323EE91F1AF8F57D00C55306 /* Sources */,
				323EE9201AF8F57D00C55306 /* Frameworks */,
				323EE9211AF8F57D00C55306 /* Resources */,
			);
			buildRules = (
			);
			dependencies = (
				323EE9251AF8F57D00C55306 /* PBXTargetDependency */,
			);
			name = hxmTests;
			productName = hxmTests;
			productReference = 323EE9231AF8F57D00C55306 /* hxmTests.xctest */;
			productType = "com.apple.product-type.bundle.unit-test";
		};
/* End PBXNativeTarget section */

/* Begin PBXProject section */
		323EE8FF1AF8F57D00C55306 /* Project object */ = {
			isa = PBXProject;
			attributes = {
				LastUpgradeCheck = 0620;
				ORGANIZATIONNAME = Bruce;
				TargetAttributes = {
					323EE9061AF8F57D00C55306 = {
						CreatedOnToolsVersion = 6.2;
						DevelopmentTeam = T5U7VTGQMY;
					};
					323EE9221AF8F57D00C55306 = {
						CreatedOnToolsVersion = 6.2;
						TestTargetID = 323EE9061AF8F57D00C55306;
					};
				};
			};
			buildConfigurationList = 323EE9021AF8F57D00C55306 /* Build configuration list for PBXProject "hxm" */;
			compatibilityVersion = "Xcode 3.2";
			developmentRegion = English;
			hasScannedForEncodings = 0;
			knownRegions = (
				en,
				Base,
			);
			mainGroup = 323EE8FE1AF8F57D00C55306;
			productRefGroup = 323EE9081AF8F57D00C55306 /* Products */;
			projectDirPath = "";
			projectRoot = "";
			targets = (
				323EE9061AF8F57D00C55306 /* hxm */,
				323EE9221AF8F57D00C55306 /* hxmTests */,
			);
		};
/* End PBXProject section */

/* Begin PBXResourcesBuildPhase section */
		323EE9051AF8F57D00C55306 /* Resources */ = {
			isa = PBXResourcesBuildPhase;
			buildActionMask = 2147483647;
			files = (
				321B0E581B14807C004D5827 /* user-icon6.png in Resources */,
				6F6E4CA41B1870BE002F0419 /* password-login-icon.png in Resources */,
				32502BA71B2431BE00C9AB9C /* alpha.png in Resources */,
				32502BB61B246BEA00C9AB9C /* goods-q.png in Resources */,
				323EE9191AF8F57D00C55306 /* Main.storyboard in Resources */,
				325A8A871B0D93C300CEA0AB /* tab-my@3x.png in Resources */,
				321A23981B09CD0200A9D294 /* register-password.png in Resources */,
				6F8AEB8A1B1D446000E2F6E9 /* area.plist in Resources */,
				6F6E4CA51B1870BE002F0419 /* password-sale-icon.png in Resources */,
				328715521B257DB900D386CC /* icon-Small@2x.png in Resources */,
				6FE330011B19E24500BE3B8F /* address-selected-icon.png in Resources */,
				325A8A811B0D92F300CEA0AB /* tab-goods@2x.png in Resources */,
				323263631B0C88550004522E /* register-password@2x.png in Resources */,
				325A8A841B0D92F300CEA0AB /* tab-order.png in Resources */,
				325A8A831B0D92F300CEA0AB /* tab-my@2x.png in Resources */,
				6F8AEB8B1B1D446000E2F6E9 /* city.plist in Resources */,
				327D07981B217B68002F4600 /* apply-icon.png in Resources */,
				322CFAED1B18800300D12AFD /* goods-1.png in Resources */,
				328715471B25379C00D386CC /* app-search.png in Resources */,
				323263601B0C88550004522E /* register-cellphone@2x.png in Resources */,
				321B0E541B14807C004D5827 /* user-icon2.png in Resources */,
				323EE91E1AF8F57D00C55306 /* LaunchScreen.xib in Resources */,
				322CFAEE1B18800300D12AFD /* goods-2.png in Resources */,
				6F6995C51B15875800AFB979 /* user-right-array.png in Resources */,
				32AAD6B01B1B1530008C3306 /* goods-cart.png in Resources */,
				32502BA91B2435AF00C9AB9C /* green.png in Resources */,
				321B0E531B14807C004D5827 /* user-icon1.png in Resources */,
				321A238E1B09CD0200A9D294 /* login-password.png in Resources */,
				328715451B25379C00D386CC /* app-icon.png in Resources */,
				328715561B257F5400D386CC /* order-arrow.png in Resources */,
				328715511B257DB900D386CC /* icon-Small.png in Resources */,
				322CFAEF1B18800300D12AFD /* goods-3.png in Resources */,
				321A23961B09CD0200A9D294 /* register-check-default.png in Resources */,
				325A8A851B0D92F300CEA0AB /* tab-order@2x.png in Resources */,
				327D079A1B2184F8002F4600 /* apply-plus1.png in Resources */,
				321A238F1B09CD0200A9D294 /* login-password@2x.png in Resources */,
				321B0E571B14807C004D5827 /* user-icon5.png in Resources */,
				325A8A7F1B0D92F300CEA0AB /* tab-finance@2x.png in Resources */,
				32502BAB1B24463E00C9AB9C /* finance-3.png in Resources */,
				6FE32FFB1B19BEE300BE3B8F /* complain-time-icon.png in Resources */,
				321B0E561B14807C004D5827 /* user-icon4.png in Resources */,
				321A239A1B09CEFF00A9D294 /* baseinfo.plist in Resources */,
				328715541B257DB900D386CC /* icon@2x.png in Resources */,
				321A23921B09CD0200A9D294 /* logo.png in Resources */,
				321A23931B09CD0200A9D294 /* register-cellphone.png in Resources */,
				321A23971B09CD0200A9D294 /* register-email.png in Resources */,
				3262EE7D1B20722B007489B9 /* order-tips.png in Resources */,
				322CFAF91B18897800D12AFD /* finance-2.png in Resources */,
				321A23901B09CD0200A9D294 /* login-user.png in Resources */,
				328715501B257DB900D386CC /* icon-72.png in Resources */,
				328715481B25379C00D386CC /* app-search2.png in Resources */,
				321B0E591B14807C004D5827 /* user-icon7.png in Resources */,
				328715531B257DB900D386CC /* icon.png in Resources */,
				325A8A821B0D92F300CEA0AB /* tab-my.png in Resources */,
				327D07951B2157F6002F4600 /* retainhd47.png in Resources */,
				321A23951B09CD0200A9D294 /* register-check-checked@2x.png in Resources */,
				328715491B25379C00D386CC /* app-store-retina.png in Resources */,
				325A8A891B0D944900CEA0AB /* user-bg.jpg in Resources */,
				328715461B25379C00D386CC /* app-retina.png in Resources */,
				321B0E551B14807C004D5827 /* user-icon3.png in Resources */,
				323263611B0C88550004522E /* register-check-default@2x.png in Resources */,
				6FE32FFF1B19E24500BE3B8F /* address-delete-icon.png in Resources */,
				6F6995C71B15992900AFB979 /* user-face.png in Resources */,
				325A8A801B0D92F300CEA0AB /* tab-goods.png in Resources */,
				6F8AEB8D1B1D446000E2F6E9 /* HZAreaPickerView.xib in Resources */,
				321A23941B09CD0200A9D294 /* register-check-checked.png in Resources */,
				322CFAF81B18897800D12AFD /* finance-1.png in Resources */,
				321A23911B09CD0200A9D294 /* login-user@2x.png in Resources */,
				6FE330001B19E24500BE3B8F /* address-noselect-icon.png in Resources */,
				6FE75F131B1EEB07005C9A6B /* user-address-down-icon.png in Resources */,
				323263621B0C88550004522E /* register-email@2x.png in Resources */,
				325A8A7E1B0D92F300CEA0AB /* tab-finance.png in Resources */,
				327D07931B2157F6002F4600 /* Default@2x.png in Resources */,
				321B0E521B14807C004D5827 /* user-edit.png in Resources */,
				323EE91B1AF8F57D00C55306 /* Images.xcassets in Resources */,
				327D07961B2157F6002F4600 /* retainhd55.png in Resources */,
				3287154A1B25379C00D386CC /* app-store.png in Resources */,
				327D079C1B21BB43002F4600 /* apply-plus2.png in Resources */,
				327D07941B2157F6002F4600 /* retain4.png in Resources */,
			);
			runOnlyForDeploymentPostprocessing = 0;
		};
		323EE9211AF8F57D00C55306 /* Resources */ = {
			isa = PBXResourcesBuildPhase;
			buildActionMask = 2147483647;
			files = (
			);
			runOnlyForDeploymentPostprocessing = 0;
		};
/* End PBXResourcesBuildPhase section */

/* Begin PBXShellScriptBuildPhase section */
		5E18D2AE6B16520E01645B33 /* Copy Pods Resources */ = {
			isa = PBXShellScriptBuildPhase;
			buildActionMask = 2147483647;
			files = (
			);
			inputPaths = (
			);
			name = "Copy Pods Resources";
			outputPaths = (
			);
			runOnlyForDeploymentPostprocessing = 0;
			shellPath = /bin/sh;
			shellScript = "\"${SRCROOT}/Pods/Target Support Files/Pods/Pods-resources.sh\"\n";
			showEnvVarsInLog = 0;
		};
		84B4119305D8B93A4B6C81E2 /* Check Pods Manifest.lock */ = {
			isa = PBXShellScriptBuildPhase;
			buildActionMask = 2147483647;
			files = (
			);
			inputPaths = (
			);
			name = "Check Pods Manifest.lock";
			outputPaths = (
			);
			runOnlyForDeploymentPostprocessing = 0;
			shellPath = /bin/sh;
			shellScript = "diff \"${PODS_ROOT}/../Podfile.lock\" \"${PODS_ROOT}/Manifest.lock\" > /dev/null\nif [[ $? != 0 ]] ; then\n    cat << EOM\nerror: The sandbox is not in sync with the Podfile.lock. Run 'pod install' or update your CocoaPods installation.\nEOM\n    exit 1\nfi\n";
			showEnvVarsInLog = 0;
		};
/* End PBXShellScriptBuildPhase section */

/* Begin PBXSourcesBuildPhase section */
		323EE9031AF8F57D00C55306 /* Sources */ = {
			isa = PBXSourcesBuildPhase;
			buildActionMask = 2147483647;
			files = (
				322CFAF51B1887BC00D12AFD /* FinanceTableViewCell.m in Sources */,
				6F8AEB8C1B1D446000E2F6E9 /* HZAreaPickerView.m in Sources */,
				322CFAE91B187D6800D12AFD /* GoodsTableViewCell.m in Sources */,
				3272D6421B1DB82E007DBF31 /* ConsignationTableViewCell.m in Sources */,
				6F85EFEE1B16E4CF008C101B /* MyBusinessInfoViewController.m in Sources */,
				3272D6351B1CA672007DBF31 /* OrderDetailViewController.m in Sources */,
				32AAD6B31B1B242E008C3306 /* GoodsDetailViewController.m in Sources */,
				323EE9101AF8F57D00C55306 /* AppDelegate.m in Sources */,
				6FE330041B19E39A00BE3B8F /* MyAddressTableViewFrame.m in Sources */,
				323C30EB1B0B913F00D0B8D0 /* GoodsViewController.m in Sources */,
				3272D63C1B1CAFBF007DBF31 /* FinanceTableViewFrame.m in Sources */,
				32A48DEF1B2032AF000A44A0 /* XCMultiSortTableViewBGScrollView.m in Sources */,
				6FCBFE271B19B4A200537CC6 /* MyAfterSaleTableViewFrame.m in Sources */,
				6F6E4CA81B187B5F002F0419 /* PasswordLoginViewController.m in Sources */,
				6F57A9EC1B1BF986001530C7 /* MyAddressEditViewController.m in Sources */,
				3227EAF31B19E68B00AC34B8 /* GoodsListTableViewFrame.m in Sources */,
				32D3D98A1B03B2AE00B50967 /* BWCommon.m in Sources */,
				6F6E4CAB1B187B91002F0419 /* PasswordSaleViewController.m in Sources */,
				323C30E81B0B90A400D0B8D0 /* OrderViewController.m in Sources */,
				325A8A8C1B0D948800CEA0AB /* MyViewController.m in Sources */,
				6F8AEB8E1B1D446000E2F6E9 /* HZLocation.m in Sources */,
				32502BAE1B24553C00C9AB9C /* CartTableViewController.m in Sources */,
				32A48DEE1B2032AF000A44A0 /* XCMultiSortTableView.m in Sources */,
				325C87E91B04D100001DF5D8 /* LoginViewController.m in Sources */,
				322CFAF21B18845500D12AFD /* FinanceTableViewController.m in Sources */,
				6FE75F101B1ED32D005C9A6B /* JKCountDownButton.m in Sources */,
				6F85EFF41B16E5D4008C101B /* MyAfterSalesViewController.m in Sources */,
				323C30EE1B0B94FF00D0B8D0 /* ApplyViewController.m in Sources */,
				6F85EFE51B16E3CC008C101B /* MyAddressViewController.m in Sources */,
				3227EAED1B19E44D00AC34B8 /* GoodsListTableViewController.m in Sources */,
				322CFAE61B18235300D12AFD /* OrderTableViewFrame.m in Sources */,
				3272D6441B1DB857007DBF31 /* ConsignationTableViewFrame.m in Sources */,
				32D3D9891B03B2AE00B50967 /* AFNetworkTool.m in Sources */,
				32502BB41B2455B200C9AB9C /* CartTableViewFrame.m in Sources */,
				6F85EFEB1B16E47F008C101B /* MyContactWayViewController.m in Sources */,
				32A48DF51B205F00000A44A0 /* OrderCommentViewController.m in Sources */,
				323EE90D1AF8F57D00C55306 /* main.m in Sources */,
				3214A87F1B04F920007DE10F /* RegisterViewController.m in Sources */,
				6FE330071B19E3FB00BE3B8F /* MyAddressTableViewCell.m in Sources */,
				32AAD6AE1B1AE488008C3306 /* GoodsListViewController.m in Sources */,
				6FCBFE2D1B19B5A800537CC6 /* MyAfterSaleTableViewCell.m in Sources */,
				322CFAE31B18230D00D12AFD /* OrderTableViewCell.m in Sources */,
				3227EAF11B19E67100AC34B8 /* GoodsListTableViewCell.m in Sources */,
				32A48DF81B20672B000A44A0 /* OrderNoteViewController.m in Sources */,
				32502BB11B24557700C9AB9C /* CartTableViewCell.m in Sources */,
				32A48DED1B2032AF000A44A0 /* UIView+XCMultiSortTableView.m in Sources */,
				6F85EFF11B16E509008C101B /* MyPasswordViewController.m in Sources */,
				32502BA51B242D9000C9AB9C /* FinanceDetailViewController.m in Sources */,
				3272D63F1B1DB7EC007DBF31 /* ConsignationTableViewController.m in Sources */,
			);
			runOnlyForDeploymentPostprocessing = 0;
		};
		323EE91F1AF8F57D00C55306 /* Sources */ = {
			isa = PBXSourcesBuildPhase;
			buildActionMask = 2147483647;
			files = (
				323EE92A1AF8F57D00C55306 /* hxmTests.m in Sources */,
			);
			runOnlyForDeploymentPostprocessing = 0;
		};
/* End PBXSourcesBuildPhase section */

/* Begin PBXTargetDependency section */
		323EE9251AF8F57D00C55306 /* PBXTargetDependency */ = {
			isa = PBXTargetDependency;
			target = 323EE9061AF8F57D00C55306 /* hxm */;
			targetProxy = 323EE9241AF8F57D00C55306 /* PBXContainerItemProxy */;
		};
/* End PBXTargetDependency section */

/* Begin PBXVariantGroup section */
		323EE9171AF8F57D00C55306 /* Main.storyboard */ = {
			isa = PBXVariantGroup;
			children = (
				323EE9181AF8F57D00C55306 /* Base */,
				6FDDE2D31B176A590064E885 /* zh-Hans */,
			);
			name = Main.storyboard;
			sourceTree = "<group>";
		};
		323EE91C1AF8F57D00C55306 /* LaunchScreen.xib */ = {
			isa = PBXVariantGroup;
			children = (
				323EE91D1AF8F57D00C55306 /* Base */,
				6FDDE2D41B176A590064E885 /* zh-Hans */,
			);
			name = LaunchScreen.xib;
			sourceTree = "<group>";
		};
/* End PBXVariantGroup section */

/* Begin XCBuildConfiguration section */
		323EE92B1AF8F57D00C55306 /* Debug */ = {
			isa = XCBuildConfiguration;
			buildSettings = {
				ALWAYS_SEARCH_USER_PATHS = NO;
				CLANG_CXX_LANGUAGE_STANDARD = "gnu++0x";
				CLANG_CXX_LIBRARY = "libc++";
				CLANG_ENABLE_MODULES = YES;
				CLANG_ENABLE_OBJC_ARC = YES;
				CLANG_WARN_BOOL_CONVERSION = YES;
				CLANG_WARN_CONSTANT_CONVERSION = YES;
				CLANG_WARN_DIRECT_OBJC_ISA_USAGE = YES_ERROR;
				CLANG_WARN_EMPTY_BODY = YES;
				CLANG_WARN_ENUM_CONVERSION = YES;
				CLANG_WARN_INT_CONVERSION = YES;
				CLANG_WARN_OBJC_ROOT_CLASS = YES_ERROR;
				CLANG_WARN_UNREACHABLE_CODE = YES;
				CLANG_WARN__DUPLICATE_METHOD_MATCH = YES;
				"CODE_SIGN_IDENTITY[sdk=iphoneos*]" = "iPhone Developer";
				COPY_PHASE_STRIP = NO;
				ENABLE_STRICT_OBJC_MSGSEND = YES;
				GCC_C_LANGUAGE_STANDARD = gnu99;
				GCC_DYNAMIC_NO_PIC = NO;
				GCC_OPTIMIZATION_LEVEL = 0;
				GCC_PREPROCESSOR_DEFINITIONS = (
					"DEBUG=1",
					"$(inherited)",
				);
				GCC_SYMBOLS_PRIVATE_EXTERN = NO;
				GCC_WARN_64_TO_32_BIT_CONVERSION = YES;
				GCC_WARN_ABOUT_RETURN_TYPE = YES_ERROR;
				GCC_WARN_UNDECLARED_SELECTOR = YES;
				GCC_WARN_UNINITIALIZED_AUTOS = YES_AGGRESSIVE;
				GCC_WARN_UNUSED_FUNCTION = YES;
				GCC_WARN_UNUSED_VARIABLE = YES;
				IPHONEOS_DEPLOYMENT_TARGET = 8.0;
				MTL_ENABLE_DEBUG_INFO = YES;
				ONLY_ACTIVE_ARCH = YES;
				SDKROOT = iphoneos;
			};
			name = Debug;
		};
		323EE92C1AF8F57D00C55306 /* Release */ = {
			isa = XCBuildConfiguration;
			buildSettings = {
				ALWAYS_SEARCH_USER_PATHS = NO;
				CLANG_CXX_LANGUAGE_STANDARD = "gnu++0x";
				CLANG_CXX_LIBRARY = "libc++";
				CLANG_ENABLE_MODULES = YES;
				CLANG_ENABLE_OBJC_ARC = YES;
				CLANG_WARN_BOOL_CONVERSION = YES;
				CLANG_WARN_CONSTANT_CONVERSION = YES;
				CLANG_WARN_DIRECT_OBJC_ISA_USAGE = YES_ERROR;
				CLANG_WARN_EMPTY_BODY = YES;
				CLANG_WARN_ENUM_CONVERSION = YES;
				CLANG_WARN_INT_CONVERSION = YES;
				CLANG_WARN_OBJC_ROOT_CLASS = YES_ERROR;
				CLANG_WARN_UNREACHABLE_CODE = YES;
				CLANG_WARN__DUPLICATE_METHOD_MATCH = YES;
				"CODE_SIGN_IDENTITY[sdk=iphoneos*]" = "iPhone Developer";
				COPY_PHASE_STRIP = NO;
				ENABLE_NS_ASSERTIONS = NO;
				ENABLE_STRICT_OBJC_MSGSEND = YES;
				GCC_C_LANGUAGE_STANDARD = gnu99;
				GCC_WARN_64_TO_32_BIT_CONVERSION = YES;
				GCC_WARN_ABOUT_RETURN_TYPE = YES_ERROR;
				GCC_WARN_UNDECLARED_SELECTOR = YES;
				GCC_WARN_UNINITIALIZED_AUTOS = YES_AGGRESSIVE;
				GCC_WARN_UNUSED_FUNCTION = YES;
				GCC_WARN_UNUSED_VARIABLE = YES;
				IPHONEOS_DEPLOYMENT_TARGET = 8.0;
				MTL_ENABLE_DEBUG_INFO = NO;
				SDKROOT = iphoneos;
				VALIDATE_PRODUCT = YES;
			};
			name = Release;
		};
		323EE92E1AF8F57D00C55306 /* Debug */ = {
			isa = XCBuildConfiguration;
			baseConfigurationReference = 1640FFD999E11B7C9BEE9121 /* Pods.debug.xcconfig */;
			buildSettings = {
				ASSETCATALOG_COMPILER_LAUNCHIMAGE_NAME = LaunchImage;
				CODE_SIGN_IDENTITY = "iPhone Developer";
				INFOPLIST_FILE = hxm/Info.plist;
				IPHONEOS_DEPLOYMENT_TARGET = 8.3;
				LD_RUNPATH_SEARCH_PATHS = "$(inherited) @executable_path/Frameworks";
				LIBRARY_SEARCH_PATHS = "$(SRCROOT)/";
				PRODUCT_NAME = "$(TARGET_NAME)";
			};
			name = Debug;
		};
		323EE92F1AF8F57D00C55306 /* Release */ = {
			isa = XCBuildConfiguration;
			baseConfigurationReference = 9209D6723B6D4EA0AEA34FD9 /* Pods.release.xcconfig */;
			buildSettings = {
				ASSETCATALOG_COMPILER_LAUNCHIMAGE_NAME = LaunchImage;
				CODE_SIGN_IDENTITY = "iPhone Developer";
				INFOPLIST_FILE = hxm/Info.plist;
				IPHONEOS_DEPLOYMENT_TARGET = 8.3;
				LD_RUNPATH_SEARCH_PATHS = "$(inherited) @executable_path/Frameworks";
				LIBRARY_SEARCH_PATHS = "";
				PRODUCT_NAME = "$(TARGET_NAME)";
			};
			name = Release;
		};
		323EE9311AF8F57D00C55306 /* Debug */ = {
			isa = XCBuildConfiguration;
			buildSettings = {
				BUNDLE_LOADER = "$(TEST_HOST)";
				FRAMEWORK_SEARCH_PATHS = (
					"$(SDKROOT)/Developer/Library/Frameworks",
					"$(inherited)",
				);
				GCC_PREPROCESSOR_DEFINITIONS = (
					"DEBUG=1",
					"$(inherited)",
				);
				INFOPLIST_FILE = hxmTests/Info.plist;
				LD_RUNPATH_SEARCH_PATHS = "$(inherited) @executable_path/Frameworks @loader_path/Frameworks";
				PRODUCT_NAME = "$(TARGET_NAME)";
				TEST_HOST = "$(BUILT_PRODUCTS_DIR)/hxm.app/hxm";
			};
			name = Debug;
		};
		323EE9321AF8F57D00C55306 /* Release */ = {
			isa = XCBuildConfiguration;
			buildSettings = {
				BUNDLE_LOADER = "$(TEST_HOST)";
				FRAMEWORK_SEARCH_PATHS = (
					"$(SDKROOT)/Developer/Library/Frameworks",
					"$(inherited)",
				);
				INFOPLIST_FILE = hxmTests/Info.plist;
				LD_RUNPATH_SEARCH_PATHS = "$(inherited) @executable_path/Frameworks @loader_path/Frameworks";
				PRODUCT_NAME = "$(TARGET_NAME)";
				TEST_HOST = "$(BUILT_PRODUCTS_DIR)/hxm.app/hxm";
			};
			name = Release;
		};
/* End XCBuildConfiguration section */

/* Begin XCConfigurationList section */
		323EE9021AF8F57D00C55306 /* Build configuration list for PBXProject "hxm" */ = {
			isa = XCConfigurationList;
			buildConfigurations = (
				323EE92B1AF8F57D00C55306 /* Debug */,
				323EE92C1AF8F57D00C55306 /* Release */,
			);
			defaultConfigurationIsVisible = 0;
			defaultConfigurationName = Release;
		};
		323EE92D1AF8F57D00C55306 /* Build configuration list for PBXNativeTarget "hxm" */ = {
			isa = XCConfigurationList;
			buildConfigurations = (
				323EE92E1AF8F57D00C55306 /* Debug */,
				323EE92F1AF8F57D00C55306 /* Release */,
			);
			defaultConfigurationIsVisible = 0;
			defaultConfigurationName = Release;
		};
		323EE9301AF8F57D00C55306 /* Build configuration list for PBXNativeTarget "hxmTests" */ = {
			isa = XCConfigurationList;
			buildConfigurations = (
				323EE9311AF8F57D00C55306 /* Debug */,
				323EE9321AF8F57D00C55306 /* Release */,
			);
			defaultConfigurationIsVisible = 0;
			defaultConfigurationName = Release;
		};
/* End XCConfigurationList section */
	};
	rootObject = 323EE8FF1AF8F57D00C55306 /* Project object */;
}
